{
  "version": "2",
  "remote": {
    "https://cdn.skypack.dev/-/@grammyjs/types@v2.12.1-uRnCsJ1ZmOGZ8By8c4dQ/dist=es2019,mode=imports/optimized/@grammyjs/types.js": "fabf6997a3adf11e45d11e3c4d58d0634ab98f9d72f3116f3694123818ccd457",
    "https://cdn.skypack.dev/-/@grammyjs/types@v2.12.1-uRnCsJ1ZmOGZ8By8c4dQ/dist=es2019,mode=types/api.d.ts": "efc90a31eb6f59ae5e7a4cf5838f46529e2fa6fa7e97a51a82dbd28afad21592",
    "https://cdn.skypack.dev/-/@grammyjs/types@v2.12.1-uRnCsJ1ZmOGZ8By8c4dQ/dist=es2019,mode=types/index.d.ts": "1c60004dec6270d9badd5ed195dbd6d4ddd00fa701acfeea922ed9f4861576a4",
    "https://cdn.skypack.dev/-/@grammyjs/types@v2.12.1-uRnCsJ1ZmOGZ8By8c4dQ/dist=es2019,mode=types/inline.d.ts": "573b2790679c5c0910847a60064ae85c6f6007bfa139e3f611dd917f9c54399b",
    "https://cdn.skypack.dev/-/@grammyjs/types@v2.12.1-uRnCsJ1ZmOGZ8By8c4dQ/dist=es2019,mode=types/manage.d.ts": "c8f9d21eb8de00703db08d808ca683705fcee60ca54a3d62ee7ac9fd24eb5bd2",
    "https://cdn.skypack.dev/-/@grammyjs/types@v2.12.1-uRnCsJ1ZmOGZ8By8c4dQ/dist=es2019,mode=types/markup.d.ts": "c2eb6a0fe8f5e15d903bfa33f23f36ae5c9a77accc5d5656a80fe26ae9793057",
    "https://cdn.skypack.dev/-/@grammyjs/types@v2.12.1-uRnCsJ1ZmOGZ8By8c4dQ/dist=es2019,mode=types/menu-button.d.ts": "096e03dadaf3af415c48c14cb91380769df01dcccbb0931575bf5f15a5df5cd7",
    "https://cdn.skypack.dev/-/@grammyjs/types@v2.12.1-uRnCsJ1ZmOGZ8By8c4dQ/dist=es2019,mode=types/message.d.ts": "fb395a5ec2b130269d680788b098f32fec4ee2eeb3fa4aeead14fdb8b8095d03",
    "https://cdn.skypack.dev/-/@grammyjs/types@v2.12.1-uRnCsJ1ZmOGZ8By8c4dQ/dist=es2019,mode=types/passport.d.ts": "e3fb63aec96510bcc317ef48fd25b435444b8f407502d7568c00fce15f2958fd",
    "https://cdn.skypack.dev/-/@grammyjs/types@v2.12.1-uRnCsJ1ZmOGZ8By8c4dQ/dist=es2019,mode=types/payment.d.ts": "410c384a26d24252219713adeb0c360d5d038102ab9d1a6e9aad20b603830d0c",
    "https://cdn.skypack.dev/-/@grammyjs/types@v2.12.1-uRnCsJ1ZmOGZ8By8c4dQ/dist=es2019,mode=types/proxied.d.ts": "f633a4e6f59f34362d5dcd94872a661f0aa46e695ba0dd2445e844b5ef03fe19",
    "https://cdn.skypack.dev/-/@grammyjs/types@v2.12.1-uRnCsJ1ZmOGZ8By8c4dQ/dist=es2019,mode=types/update.d.ts": "7c4fb6534a1b401ab300f7edf49e2fe75293153fc44af14382eea0c0c02033c2",
    "https://cdn.skypack.dev/-/debug@v4.3.4-o4liVvMlOnQWbLSYZMXw/dist=es2019,mode=imports/optimized/debug.js": "671100993996e39b501301a87000607916d4d2d9f8fc8e9c5200ae5ba64a1389",
    "https://cdn.skypack.dev/-/ms@v2.1.2-giBDZ1IA5lmQ3ZXaa87V/dist=es2019,mode=imports/optimized/ms.js": "fd88e2d51900437011f1ad232f3393ce97db1b87a7844b3c58dd6d65562c1276",
    "https://cdn.skypack.dev/@grammyjs/types@v2?dts": "a658d2939e6cf7c9f23a719f0eb73222f0fb5bc37ee3eb8a88e23a927ecce505",
    "https://cdn.skypack.dev/debug@4.3.4": "7b1d010cc930f71b940ba5941da055bc181115229e29de7214bdb4425c68ea76",
    "https://deno.land/std@0.153.0/fmt/colors.ts": "ff7dc9c9f33a72bd48bc24b21bbc1b4545d8494a431f17894dbc5fe92a938fc4",
    "https://deno.land/std@0.154.0/_deno_unstable.ts": "4ddb8672d49d58b5bbc4a5a7a2f1b3bce4fd06aa4c8b8476728334391667de7b",
    "https://deno.land/std@0.154.0/_util/assert.ts": "e94f2eb37cebd7f199952e242c77654e43333c1ac4c5c700e929ea3aa5489f74",
    "https://deno.land/std@0.154.0/_util/os.ts": "3b4c6e27febd119d36a416d7a97bd3b0251b77c88942c8f16ee5953ea13e2e49",
    "https://deno.land/std@0.154.0/_wasm_crypto/lib/deno_std_wasm_crypto.generated.mjs": "dfcd6777d05345362c70f9f2c49abba3ed3f925fccfcf725abe2d16d51819433",
    "https://deno.land/std@0.154.0/_wasm_crypto/mod.ts": "6c60d332716147ded0eece0861780678d51b560f533b27db2e15c64a4ef83665",
    "https://deno.land/std@0.154.0/async/abortable.ts": "87aa7230be8360c24ad437212311c9e8d4328854baec27b4c7abb26e85515c06",
    "https://deno.land/std@0.154.0/async/deadline.ts": "48ac998d7564969f3e6ec6b6f9bf0217ebd00239b1b2292feba61272d5dd58d0",
    "https://deno.land/std@0.154.0/async/debounce.ts": "de5433bff08a2bb61416fc53b3bd2d5867090c8a815465e5b4a10a77495b1051",
    "https://deno.land/std@0.154.0/async/deferred.ts": "c01de44b9192359cebd3fe93273fcebf9e95110bf3360023917da9a2d1489fae",
    "https://deno.land/std@0.154.0/async/delay.ts": "d5a169caede8e1c5d46b3f25eab97db5fd1ab193fc82a53bafd3642ac42ca3c7",
    "https://deno.land/std@0.154.0/async/mod.ts": "dd0a8ed4f3984ffabe2fcca7c9f466b7932d57b1864ffee148a5d5388316db6b",
    "https://deno.land/std@0.154.0/async/mux_async_iterator.ts": "3447b28a2a582224a3d4d3596bccbba6e85040da3b97ed64012f7decce98d093",
    "https://deno.land/std@0.154.0/async/pool.ts": "ef9eb97b388543acbf0ac32647121e4dbe629236899586c4d4311a8770fbb239",
    "https://deno.land/std@0.154.0/async/tee.ts": "d27680d911816fcb3d231e16d690e7588079e66a9b2e5ce8cc354db94fdce95f",
    "https://deno.land/std@0.154.0/bytes/bytes_list.ts": "aba5e2369e77d426b10af1de0dcc4531acecec27f9b9056f4f7bfbf8ac147ab4",
    "https://deno.land/std@0.154.0/bytes/equals.ts": "3c3558c3ae85526f84510aa2b48ab2ad7bdd899e2e0f5b7a8ffc85acb3a6043a",
    "https://deno.land/std@0.154.0/bytes/mod.ts": "763f97d33051cc3f28af1a688dfe2830841192a9fea0cbaa55f927b49d49d0bf",
    "https://deno.land/std@0.154.0/crypto/_fnv/fnv32.ts": "aa9bddead8c6345087d3abd4ef35fb9655622afc333fc41fff382b36e64280b5",
    "https://deno.land/std@0.154.0/crypto/_fnv/fnv64.ts": "625d7e7505b6cb2e9801b5fd6ed0a89256bac12b2bbb3e4664b85a88b0ec5bef",
    "https://deno.land/std@0.154.0/crypto/_fnv/index.ts": "a8f6a361b4c6d54e5e89c16098f99b6962a1dd6ad1307dbc97fa1ecac5d7060a",
    "https://deno.land/std@0.154.0/crypto/_fnv/util.ts": "4848313bed7f00f55be3cb080aa0583fc007812ba965b03e4009665bde614ce3",
    "https://deno.land/std@0.154.0/crypto/keystack.ts": "e481eed28007395e554a435e880fee83a5c73b9259ed8a135a75e4b1e4f381f7",
    "https://deno.land/std@0.154.0/crypto/mod.ts": "0ef11f063cd0f9759485a3c9051e15125e1bde3b47c23b47e79b6e13cfcf9481",
    "https://deno.land/std@0.154.0/crypto/timing_safe_equal.ts": "82a29b737bc8932d75d7a20c404136089d5d23629e94ba14efa98a8cc066c73e",
    "https://deno.land/std@0.154.0/dotenv/mod.ts": "3ad3c1caddb82bf9413686e8cfe24272b77089bc15e8840bdeccad4655e3a8db",
    "https://deno.land/std@0.154.0/dotenv/util.ts": "6cc392f087577a26a27f0463f77cc0c31a390aa055917099935b36eb2454592d",
    "https://deno.land/std@0.154.0/encoding/base64.ts": "c57868ca7fa2fbe919f57f88a623ad34e3d970d675bdc1ff3a9d02bba7409db2",
    "https://deno.land/std@0.154.0/encoding/base64url.ts": "a5f82a9fa703bd85a5eb8e7c1296bc6529e601ebd9642cc2b5eaa6b38fa9e05a",
    "https://deno.land/std@0.154.0/encoding/hex.ts": "4cc5324417cbb4ac9b828453d35aed45b9cc29506fad658f1f138d981ae33795",
    "https://deno.land/std@0.154.0/fmt/colors.ts": "ff7dc9c9f33a72bd48bc24b21bbc1b4545d8494a431f17894dbc5fe92a938fc4",
    "https://deno.land/std@0.154.0/http/server.ts": "e2e16f0b124ffef022ad04797d4250d6e4fc0d9579780999091949b17789dd1a",
    "https://deno.land/std@0.154.0/io/buffer.ts": "fae02290f52301c4e0188670e730cd902f9307fb732d79c4aa14ebdc82497289",
    "https://deno.land/std@0.154.0/io/files.ts": "d199ef64e918a256320ba8d8d44ae91de87c9077df8f8d6cca013f1b9fbbe285",
    "https://deno.land/std@0.154.0/io/mod.ts": "33507cf2460ab67d0d90fb5749fa6fecb33897642b49d54a6bb1ac81e4768f69",
    "https://deno.land/std@0.154.0/io/readers.ts": "45847ad404afd2f605eae1cff193f223462bc55eeb9ae313c2f3db28aada0fd6",
    "https://deno.land/std@0.154.0/io/streams.ts": "988a19155b52161f0035ce539e2f1d12edbc4c389fa7633da832a64e6edbe1a0",
    "https://deno.land/std@0.154.0/io/types.d.ts": "0cae3a62da7a37043661746c65c021058bae020b54e50c0e774916e5d4baee43",
    "https://deno.land/std@0.154.0/io/util.ts": "078da53bba767bec0d45f7da44411f6dbf269e51ef7fcfea5e3714e04681c674",
    "https://deno.land/std@0.154.0/io/writers.ts": "2e1c63ffd0cfba411b1fd8374609abff9ea86187c9d4d885d42e6fc20325ef0e",
    "https://deno.land/std@0.154.0/path/_constants.ts": "df1db3ffa6dd6d1252cc9617e5d72165cd2483df90e93833e13580687b6083c3",
    "https://deno.land/std@0.154.0/path/_interface.ts": "ee3b431a336b80cf445441109d089b70d87d5e248f4f90ff906820889ecf8d09",
    "https://deno.land/std@0.154.0/path/_util.ts": "d16be2a16e1204b65f9d0dfc54a9bc472cafe5f4a190b3c8471ec2016ccd1677",
    "https://deno.land/std@0.154.0/path/common.ts": "bee563630abd2d97f99d83c96c2fa0cca7cee103e8cb4e7699ec4d5db7bd2633",
    "https://deno.land/std@0.154.0/path/glob.ts": "cb5255638de1048973c3e69e420c77dc04f75755524cb3b2e160fe9277d939ee",
    "https://deno.land/std@0.154.0/path/mod.ts": "56fec03ad0ebd61b6ab39ddb9b0ddb4c4a5c9f2f4f632e09dd37ec9ebfd722ac",
    "https://deno.land/std@0.154.0/path/posix.ts": "c1f7afe274290ea0b51da07ee205653b2964bd74909a82deb07b69a6cc383aaa",
    "https://deno.land/std@0.154.0/path/separator.ts": "fe1816cb765a8068afb3e8f13ad272351c85cbc739af56dacfc7d93d710fe0f9",
    "https://deno.land/std@0.154.0/path/win32.ts": "bd7549042e37879c68ff2f8576a25950abbfca1d696d41d82c7bca0b7e6f452c",
    "https://deno.land/std@0.154.0/streams/conversion.ts": "fc4eb76a14148c43f0b85e903a5a1526391aa40ed9434dc21e34f88304eb823e",
    "https://deno.land/std@0.154.0/testing/_diff.ts": "141f978a283defc367eeee3ff7b58aa8763cf7c8e0c585132eae614468e9d7b8",
    "https://deno.land/std@0.154.0/testing/_format.ts": "cd11136e1797791045e639e9f0f4640d5b4166148796cad37e6ef75f7d7f3832",
    "https://deno.land/std@0.154.0/testing/asserts.ts": "ac295f7fd22a7af107580e2475402a8c386cb1bf18bf837ae266ac0665786026",
    "https://deno.land/std@0.176.0/_util/asserts.ts": "178dfc49a464aee693a7e285567b3d0b555dc805ff490505a8aae34f9cfb1462",
    "https://deno.land/std@0.176.0/_util/os.ts": "d932f56d41e4f6a6093d56044e29ce637f8dcc43c5a90af43504a889cf1775e3",
    "https://deno.land/std@0.176.0/async/deferred.ts": "42790112f36a75a57db4a96d33974a936deb7b04d25c6084a9fa8a49f135def8",
    "https://deno.land/std@0.176.0/bytes/bytes_list.ts": "b4cbdfd2c263a13e8a904b12d082f6177ea97d9297274a4be134e989450dfa6a",
    "https://deno.land/std@0.176.0/bytes/copy.ts": "939d89e302a9761dcf1d9c937c7711174ed74c59eef40a1e4569a05c9de88219",
    "https://deno.land/std@0.176.0/io/buffer.ts": "e2b7564f684dad625cab08f5106f33572d325705d19a36822b3272fbdfb8f726",
    "https://deno.land/std@0.176.0/path/_constants.ts": "e49961f6f4f48039c0dfed3c3f93e963ca3d92791c9d478ac5b43183413136e0",
    "https://deno.land/std@0.176.0/path/_interface.ts": "6471159dfbbc357e03882c2266d21ef9afdb1e4aa771b0545e90db58a0ba314b",
    "https://deno.land/std@0.176.0/path/_util.ts": "d7abb1e0dea065f427b89156e28cdeb32b045870acdf865833ba808a73b576d0",
    "https://deno.land/std@0.176.0/path/common.ts": "ee7505ab01fd22de3963b64e46cff31f40de34f9f8de1fff6a1bd2fe79380000",
    "https://deno.land/std@0.176.0/path/glob.ts": "d479e0a695621c94d3fd7fe7abd4f9499caf32a8de13f25073451c6ef420a4e1",
    "https://deno.land/std@0.176.0/path/mod.ts": "4b83694ac500d7d31b0cdafc927080a53dc0c3027eb2895790fb155082b0d232",
    "https://deno.land/std@0.176.0/path/posix.ts": "8b7c67ac338714b30c816079303d0285dd24af6b284f7ad63da5b27372a2c94d",
    "https://deno.land/std@0.176.0/path/separator.ts": "0fb679739d0d1d7bf45b68dacfb4ec7563597a902edbaf3c59b50d5bcadd93b1",
    "https://deno.land/std@0.176.0/path/win32.ts": "d186344e5583bcbf8b18af416d13d82b35a317116e6460a5a3953508c3de5bba",
    "https://deno.land/std@0.176.0/streams/_common.ts": "f45cba84f0d813de3326466095539602364a9ba521f804cc758f7a475cda692d",
    "https://deno.land/std@0.176.0/streams/buffer.ts": "7e7676c29e0e72f6821c3b5fede2540886a216bb91c849bb5db20bb82a01d8a1",
    "https://deno.land/std@0.176.0/streams/byte_slice_stream.ts": "cf5785b0d9223ebb51fcf6679d881dfaf614c3b288fb4577b511b6f7801a01aa",
    "https://deno.land/std@0.176.0/streams/copy.ts": "de0de21701d8cceba84ca01d9731c77f4b3597bb9de6a1b08f32250353feeae8",
    "https://deno.land/std@0.176.0/streams/delimiter_stream.ts": "178916310e8bc54e2ca74fc5a708a24c27fae339738fb3407d793c46a8b624a2",
    "https://deno.land/std@0.176.0/streams/early_zip_readable_streams.ts": "64828085be5812ec5f4896c10b59f14e5a322b2c0439be9331dde332ae9c91de",
    "https://deno.land/std@0.176.0/streams/iterate_reader.ts": "06491ed8f1bb1c619abbfa04c10b173ff95a93e51fe5037b7c1ad0b5cc01fc7d",
    "https://deno.land/std@0.176.0/streams/limited_bytes_transform_stream.ts": "3bc04143b8b91a923f5ee81a3c618b6606ac7da66ccbcde62a67aaa0375cbc71",
    "https://deno.land/std@0.176.0/streams/limited_transform_stream.ts": "b336f5d649a06e35e2692849e3682a673bb32531738443eb2ce9f57538722f75",
    "https://deno.land/std@0.176.0/streams/merge_readable_streams.ts": "5d6302888f4bb0616dafb5768771be0aec9bedc05fbae6b3d726d05ffbec5b15",
    "https://deno.land/std@0.176.0/streams/mod.ts": "c07ec010e700b9ea887dc36ca08729828bc7912f711e4054e24d33fd46282252",
    "https://deno.land/std@0.176.0/streams/read_all.ts": "bfa220b0e1d06fa4d0cb5178baba8f8b466019a7411511982bfa2320ca292815",
    "https://deno.land/std@0.176.0/streams/readable_stream_from_iterable.ts": "cae337ddafd2abc5e3df699ef2af888ac04091f12732ae658448fba2c7b187e8",
    "https://deno.land/std@0.176.0/streams/readable_stream_from_reader.ts": "9aceaeefa9e04b08f56b2d07272baedc3b6432840b66198d72fa2ada3e6608ea",
    "https://deno.land/std@0.176.0/streams/reader_from_iterable.ts": "05f7759b9336fd4c233d9daadf92aec9a7d2c07a05986da466a935cec2dd79d9",
    "https://deno.land/std@0.176.0/streams/reader_from_stream_reader.ts": "3fda9390ec8520c8a9ea2aba2579208b18880a7663d7a9feec8f193b7af14e41",
    "https://deno.land/std@0.176.0/streams/text_delimiter_stream.ts": "ee216316360366c3744197f5665a066a25e6baa8cfe836fbe9a0033e079e089e",
    "https://deno.land/std@0.176.0/streams/text_line_stream.ts": "a9dd2636c6b90e626e19df26c97034c5f638bdd957cbd5c531d6278fe1d08e90",
    "https://deno.land/std@0.176.0/streams/to_transform_stream.ts": "31c8cce967a2f602be5f164973a5c6cedd4c76e1d2fbc22ae0081b084f73fb0e",
    "https://deno.land/std@0.176.0/streams/writable_stream_from_writer.ts": "0320b759aa343f9f4f58b014fe301d9a7abcbfb8413d260502a885995e6a0776",
    "https://deno.land/std@0.176.0/streams/write_all.ts": "3b2e1ce44913f966348ce353d02fa5369e94115181037cd8b602510853ec3033",
    "https://deno.land/std@0.176.0/streams/writer_from_stream_writer.ts": "31126a6bf2e678c5a718011d4831dbe75dbdbd885965d3dbd5dd105e6f20f976",
    "https://deno.land/std@0.176.0/streams/zip_readable_streams.ts": "9eb82070d83055fe6f077192fb204dc7612695a4b330148e9aa376df1a65e708",
    "https://deno.land/std@0.176.0/types.d.ts": "220ed56662a0bd393ba5d124aa6ae2ad36a00d2fcbc0e8666a65f4606aaa9784",
    "https://deno.land/x/better_fluent@v1.0.0/deps.ts": "67584771abdd974d1477747cb30405b0bc69c239fb343ee592dc63cd8caf4d42",
    "https://deno.land/x/better_fluent@v1.0.0/fluent.ts": "cd813e2fa2ab869bbdbe1f0e3949395359862eee8dd31c4a73466e59d8620460",
    "https://deno.land/x/better_fluent@v1.0.0/mod.ts": "33bf480851153653c43c053fcac387825e176849d6b3c3655af9b0d125c1bf91",
    "https://deno.land/x/better_fluent@v1.0.0/warnings/logging_warning_handler.ts": "fb7da813d1c2855aeeefab0aa819318caac132eb7854ab3268ef7c71f72b7b5a",
    "https://deno.land/x/better_fluent@v1.0.0/warnings/warnings.ts": "b3a653b11ef8a7e9d648bb689b76a9c583c9170b96dbafb49d4c0752f4af7252",
    "https://deno.land/x/envalid@0.1.2/core.ts": "9cb1b469919af72d3ad8576f952c8b695e9b5356878d84f15db9328b7afab2d5",
    "https://deno.land/x/envalid@0.1.2/envalid.ts": "76755815e2643aacbe604e3cd76415f0f4c8cc04d7cdbae0ab05a0ebc86ceb38",
    "https://deno.land/x/envalid@0.1.2/errors.ts": "8524f99ff929abe5c9fa07c250cafb15e564d5339ae8fdfabd6d56fab9ec7e00",
    "https://deno.land/x/envalid@0.1.2/middleware.ts": "c7a88e1dce3f280471844c36080a346ac3aadc4420b3fbff92807d21f3aec1e2",
    "https://deno.land/x/envalid@0.1.2/mod.ts": "c82f8e49cf6b008478a11275bbc9c55a4f900a2010fb4d0882cfba6f914eaa1c",
    "https://deno.land/x/envalid@0.1.2/reporter.ts": "5affd2863a25cca71e7f249504f0670112e5e1742dd8a3977764e45fa5957dcc",
    "https://deno.land/x/envalid@0.1.2/types.ts": "3c8630c015922739c8e0c3638dd446bbaf627ecccfb9b21329dbd0af82c4236d",
    "https://deno.land/x/envalid@0.1.2/validators.ts": "9252d4a0a70a7c1895be7813596a562cd8b105756f7cbbd8e49caf1bf4998453",
    "https://deno.land/x/fluent@v0.0.0/bundle/ast.ts": "5b6c57e6115ca4497fc15be9a854053c0700cbadb680956b8719d6e40eacc759",
    "https://deno.land/x/fluent@v0.0.0/bundle/builtins.ts": "e3d0d37806ca352fbb5fd769862cf3322bbca0f9e74728fdf65899e60c44bfe3",
    "https://deno.land/x/fluent@v0.0.0/bundle/bundle.ts": "3550bd2586e1ab5030d1f3b5c5eeaa63ec5fe7d883620d42ef9ead1cc5f583e9",
    "https://deno.land/x/fluent@v0.0.0/bundle/memoizer.ts": "145e4d64156bca1f7fac51ca47eb31e15b0b31304ba4c8a1fe05e95a8ca85a96",
    "https://deno.land/x/fluent@v0.0.0/bundle/mod.ts": "953d78728d3137d7fd60dc809d24f9ca4f3eb45dba617ecb6c664d05a54d74f7",
    "https://deno.land/x/fluent@v0.0.0/bundle/resolver.ts": "58b782f2cdab6c01765f85eca88afff5272597fd0b854a96d06e73961f27a985",
    "https://deno.land/x/fluent@v0.0.0/bundle/resource.ts": "bc57adeacaef31b63e046a4271fdf98ac6dc5e26b330d5867bc820dc5a33c31d",
    "https://deno.land/x/fluent@v0.0.0/bundle/scope.ts": "a609fe78d6d8f251299cdaf0a7a111bc7f92cc0ba376dd235b4b193c43724559",
    "https://deno.land/x/fluent@v0.0.0/bundle/types.ts": "3d7f390a4e5338b841251e1714f7e2a7e16200e860795087cbee787759a7ba9f",
    "https://deno.land/x/fluent@v0.0.0/langneg/accepted_languages.ts": "696c8790f6692fa01440719101ace34f6d6d1ecf723fdd61199bcc4f661dbb4e",
    "https://deno.land/x/fluent@v0.0.0/langneg/locale.ts": "d00f3238bc12076c37168cc1f5cbc3bb25a3dd062cc5e6c236d3e436275721c6",
    "https://deno.land/x/fluent@v0.0.0/langneg/matches.ts": "457c6a6386e9d0f7c0d8939e8f3ef37121655bef98b10652e668455039e71cc4",
    "https://deno.land/x/fluent@v0.0.0/langneg/mod.ts": "fc52dbc031252097c7d6d49a3718ad7952e53b505c79457ab6b117bafbfd7781",
    "https://deno.land/x/fluent@v0.0.0/langneg/negotiate_languages.ts": "3e88a33731910cc1c375292b1fe8d8752d730d1d7408ba71ccb9958656be6047",
    "https://deno.land/x/grammy@v1.14.1/bot.ts": "0d964a47af531ac1ed8fa37fc5475eef29f75c36a8cb67ca2f31de1b4a72f5cd",
    "https://deno.land/x/grammy@v1.14.1/composer.ts": "1d2e164f9934466553d7f9bf9bf2fe65a1f453b7f7ce3cf57066d87382c6dac2",
    "https://deno.land/x/grammy@v1.14.1/context.ts": "93cb00858eaa52ea55e06b502780a75e0d8d93ca824918ca33101da5c847aef6",
    "https://deno.land/x/grammy@v1.14.1/convenience/frameworks.deno.ts": "b5fe4e73deb81e2b343b4a5b243f6228496b1343187e0c3da7a81a91e9ff1560",
    "https://deno.land/x/grammy@v1.14.1/convenience/frameworks.shared.ts": "a5e83cd7473dbefba94d2c27ecc92622918f4571af2cd162f7856587f9fffd5e",
    "https://deno.land/x/grammy@v1.14.1/convenience/frameworks.web.ts": "2dd0d8095c53ab7c253e842e625379393657421d87481ef6329a1c73b9a55be1",
    "https://deno.land/x/grammy@v1.14.1/convenience/keyboard.ts": "a794e8bc4b39670bf320410e6bd30fc42aed3c4e5e28d55a909300f29f3f872d",
    "https://deno.land/x/grammy@v1.14.1/convenience/session.ts": "d3f782e7669faffee197c00fde78a10a6ac6e7cd1b94a5ebefe2b7ce0d43ac1a",
    "https://deno.land/x/grammy@v1.14.1/convenience/webhook.ts": "137a11f1c924dd31f5a3f8e320f5e8aa7e764efde2147aa04f58c0103cad1643",
    "https://deno.land/x/grammy@v1.14.1/core/api.ts": "cc350c07037e84f5b2b5f73bcff6ea11abe73957624a53b9521f88c26f80d9fe",
    "https://deno.land/x/grammy@v1.14.1/core/client.ts": "8914f13b2cb69f16104a9711e4fea0a4500edd0950736dcc3ac078ab46f7a5ab",
    "https://deno.land/x/grammy@v1.14.1/core/error.ts": "4638b2127ebe60249c78b83011d468f5e1e1a87748d32fe11a8200d9f824ad13",
    "https://deno.land/x/grammy@v1.14.1/core/payload.ts": "bed2e44fb567259ee2cab70a7734544c90fae80cb937b354ee1427d0f0883b39",
    "https://deno.land/x/grammy@v1.14.1/filter.ts": "2c341f376bff726ca300e547843abcd989219cd10a05ae612844efaaa2cefe50",
    "https://deno.land/x/grammy@v1.14.1/mod.ts": "6d96b0c7b4c8b9448b9f9903a95a78c3379febd36b0f6485ad567d79b153c794",
    "https://deno.land/x/grammy@v1.14.1/platform.deno.ts": "b6bd2cd744a4d02df71a8efa553adae586d68f3bb8dce288caa6111d12169219",
    "https://deno.land/x/grammy@v1.14.1/types.deno.ts": "df687b13babd2b521ff7576c17bce63e564f0bda8284c73132a48052a31396c1",
    "https://deno.land/x/grammy@v1.14.1/types.ts": "729415590dfa188dbe924dea614dff4e976babdbabb28a307b869fc25777cdf0",
    "https://deno.land/x/grammy_autoquote@v1.1.1/deps.deno.ts": "4650d6df6f7a231f5d03536899074d5bf10e206a7e3762f8cf03b7be87f73869",
    "https://deno.land/x/grammy_autoquote@v1.1.1/mod.ts": "13da20ee2f20a650ad06b0214fa82f32f2bbaf312975281ac56570eb09e95a04",
    "https://deno.land/x/grammy_conversations@v1.1.1/conversation.ts": "db8470c7a7313a390d3a5b9aad111b15a547a5c7c408ede962b630f349ec5c56",
    "https://deno.land/x/grammy_conversations@v1.1.1/deps.deno.ts": "c982798d7ca4cd3ebcd5a24319d03c5980dc47827b5a172a77022859abdb404e",
    "https://deno.land/x/grammy_conversations@v1.1.1/form.ts": "d2d527fdcb26eb489b4aa1a183ae3aa14bf185a375ebf7d5c6ab8360e8b0e170",
    "https://deno.land/x/grammy_conversations@v1.1.1/mod.ts": "4234b7a353ebb6770352c8b1fcafb0de40abd764cc44ae018f10b29c3a065b50",
    "https://deno.land/x/grammy_conversations@v1.1.1/utils.ts": "139ebe78dbf078d3bbf8cbc78ad286125a08e7e7895d4985fff7be9cef328e20",
    "https://deno.land/x/grammy_hydrate@v1.3.1/data/callback-query.ts": "4e1d2be351c50dd7e252a99de02eb89af0e4ed85db4b8325afbc07e2afc54904",
    "https://deno.land/x/grammy_hydrate@v1.3.1/data/chat-join-request.ts": "d9f7ad9bfe44f3bba7355a9c0816b85f4d585a3f714a10eb443901f3afe8420d",
    "https://deno.land/x/grammy_hydrate@v1.3.1/data/chosen-inline-result.ts": "f23b32d88052dc2923ce267bfcb6306b36aeade5a358950e21fd2fc9590bd90b",
    "https://deno.land/x/grammy_hydrate@v1.3.1/data/inline-message.ts": "4fd6505620cabe42d34bcc1a529137104486e9b1e4256f658328648f41b309e3",
    "https://deno.land/x/grammy_hydrate@v1.3.1/data/inline-query.ts": "2a9a611512f9e84320cc24f7403c06b81282c2acec4375d2d05dd618e1eb4754",
    "https://deno.land/x/grammy_hydrate@v1.3.1/data/message.ts": "7e9b67fbc52e4f4b3b38b2913b9f99e13ceb31a4ecd8ad09e60d0033353134d2",
    "https://deno.land/x/grammy_hydrate@v1.3.1/data/pre-checkout-query.ts": "8e74690cb4e8ccab7c717accb29e17a49b11f732f2090c98473dd6b825296e80",
    "https://deno.land/x/grammy_hydrate@v1.3.1/data/shipping-query.ts": "f662d50772e649f71635cf7d748a16c6b60772d600eb18f4d763aa4618b66d40",
    "https://deno.land/x/grammy_hydrate@v1.3.1/data/update.ts": "dfc8cebf913a418a4af3a67b77e40322638fae6070db5b9bef97a75684c70d92",
    "https://deno.land/x/grammy_hydrate@v1.3.1/deps.deno.ts": "4705318c941223fa22fbb45f220de82fd14d4207b6df38a97c57fa7b3e7575b0",
    "https://deno.land/x/grammy_hydrate@v1.3.1/mod.ts": "379c5f64594cd879653cdce715c318b3eed29ab26e071f356b9b61f9e3943bc3",
    "https://deno.land/x/grammy_hydrate@v1.3.1/plugin.ts": "967a53314a26a7685e0183920a19a382cea285c5903817047f3ab55a3336c2df",
    "https://deno.land/x/grammy_i18n@v1.0.1/deps.ts": "a6300f8e4d3514f68687d9bfe9a16e603560d872a38606c9e731c382edf67db7",
    "https://deno.land/x/grammy_i18n@v1.0.1/i18n.ts": "17dfb05b1eb305a61198bfccf9885b8ba14f4a973c20a92d3a50cf519c424f40",
    "https://deno.land/x/grammy_i18n@v1.0.1/mod.ts": "3cfc8c6a687e8042371f53738825289cdaba33f14f325ff7d3cd688619fea7ed",
    "https://deno.land/x/grammy_i18n@v1.0.1/types.ts": "11df0b95aca754dc6815e67f4701f1e9ca60efcec4741c40d0042e957574d984",
    "https://deno.land/x/grammy_i18n@v1.0.1/utils.ts": "2a719dfa830f764d62e2d7905bed01da18a9d331203e5bdfa20d177d48a2f809",
    "https://deno.land/x/grammy_runner@v1.0.4/mod.ts": "36518be0ba7bb30a4f5660febff2730670f354e50b61f81a96462f09a600eab0",
    "https://deno.land/x/grammy_runner@v1.0.4/queue.ts": "2a09c804631aada0a1cad4aa0a779e11285d76c04b57e4683ee935fdab156cf2",
    "https://deno.land/x/grammy_runner@v1.0.4/runner.ts": "9ed580091d2b7e5b4b3a6174768a36c39e32855fdcdd8dac1d01ba15769f85bd",
    "https://deno.land/x/grammy_runner@v1.0.4/sequentialize.ts": "137764a109ff3fe4bc8809b6d1d8865ed5c2ad8b649e7553b10302d70bf2e7fb",
    "https://deno.land/x/grammy_runner@v1.0.4/sink.ts": "2027cff6d378c645cf67542aeab99bd7dbf7c4dd9f92cb5bb291ed2bb0b2e79f",
    "https://deno.land/x/grammy_runner@v1.0.4/source.ts": "2c5290a11cf5135e5b8a3300717b2950816fa2dc05157a7c683a1637a7f6e3b2",
    "https://deno.land/x/grammy_storages@v2.1.0/mongodb/src/deps.deno.ts": "1c3ba7ef4c77d745575c189ec045e28a8ff58ebbdfe767b154abfd052296883f",
    "https://deno.land/x/grammy_storages@v2.1.0/mongodb/src/mod.ts": "89941365d7cce50556c949027bd62c4cfd5b6fd72afe321e307afbbe156f73f8",
    "https://deno.land/x/language@v0.1.0/languages.ts": "d37e40290e99d87c1e4013226af7ee2b0f03ce2afdd472b213bcfdfabad8dc1b",
    "https://deno.land/x/language@v0.1.0/mod.ts": "072aa7eb09f4b531011401a7c930a6a6a9f49fed4a3f65e755aa1b0907b65a0b",
    "https://deno.land/x/mongo@v0.31.1/deps.ts": "ba57aa94021d88959c6aac77edbbe85226e4a6836230dcdd891da63afcbf88c1",
    "https://deno.land/x/mongo@v0.31.1/mod.ts": "0989f34d08c40440b8786140abdaf863e964e23df5d1a80e661d3d4170d9d21e",
    "https://deno.land/x/mongo@v0.31.1/src/auth/base.ts": "7fe14cf0a63d6bbc4ba69a000a04b3b184d26842504d94652a6af2d0c9494944",
    "https://deno.land/x/mongo@v0.31.1/src/auth/mod.ts": "b161611bd5be9e9d1b4497227c8ea93ad4daadcd98038c9e5a707bc5da7a25ca",
    "https://deno.land/x/mongo@v0.31.1/src/auth/pbkdf2.ts": "1f1db192fd37869d118ab34780b64567ebcf0ad83a03ef28b3d740cae9adb47a",
    "https://deno.land/x/mongo@v0.31.1/src/auth/scram.ts": "187db02e94e7e5423ec902e87d6839028770dca57830dca7f154dcd22a959c0f",
    "https://deno.land/x/mongo@v0.31.1/src/auth/x509.ts": "a75b27c549707dd441434ae400a3e6a24da7fe7d4e0e80c9bb79dfc6426b651e",
    "https://deno.land/x/mongo@v0.31.1/src/client.ts": "368cac10b3df3bfbc2dfba468d1bbd1332c359a643e0bb81a13d7220a58b43ff",
    "https://deno.land/x/mongo@v0.31.1/src/cluster.ts": "cff69bf284a5c7fcaff231494f1ab56ca652e725e58622723e402fbb61448d0e",
    "https://deno.land/x/mongo@v0.31.1/src/collection/collection.ts": "b8227c276633d2e6425736d5f5c5d5411deed3bc7bf2fccf36e39d609d5b1cb5",
    "https://deno.land/x/mongo@v0.31.1/src/collection/commands/aggregate.ts": "440906a670adb46edb36fd95573ffa83f192775108b621520be992165910e895",
    "https://deno.land/x/mongo@v0.31.1/src/collection/commands/find.ts": "5c3b750d8c82ce08d865a381bc71f600406cbc4912c4aa689238755579fb71f8",
    "https://deno.land/x/mongo@v0.31.1/src/collection/commands/list_indexes.ts": "d32a5120305d0547497026b4f5ab2ecc2f40ff7f44c405b99c2a0287765333f5",
    "https://deno.land/x/mongo@v0.31.1/src/collection/commands/update.ts": "cf352108a5dd34f0928c2196a432383d366b8ed292676c71358b9ecf1289418d",
    "https://deno.land/x/mongo@v0.31.1/src/collection/mod.ts": "bd791a0b9b46be4365f88c54893584eadec2f8cd799db9eb05e0b5b4c8d72b8e",
    "https://deno.land/x/mongo@v0.31.1/src/database.ts": "6effe102726693d2ed6817973facfbc82ae2b1ac68efddbf54493df7e29e105c",
    "https://deno.land/x/mongo@v0.31.1/src/error.ts": "8180a822b0831a94a6a28815865b5b40e3996220684bea60fcb81b272ddd06eb",
    "https://deno.land/x/mongo@v0.31.1/src/gridfs/bucket.ts": "a4452d63f6928f57486a214a499b54b80b98cc0d13e3d85a6841b34d5ff12a61",
    "https://deno.land/x/mongo@v0.31.1/src/gridfs/indexes.ts": "c9747d8272c65399a6364e08071bd1b5ac9c10816329aa670d7b6b9e895ffb5a",
    "https://deno.land/x/mongo@v0.31.1/src/gridfs/upload.ts": "6a54a21b00c6f22ad0da6ceef7a2932dc600560f594c2551abd8e4a64976abae",
    "https://deno.land/x/mongo@v0.31.1/src/protocol/cursor.ts": "c370a28856fa236129cc2d7abf7ebc4ac6cdd60acb93e0e7371433f7332394cb",
    "https://deno.land/x/mongo@v0.31.1/src/protocol/handshake.ts": "3c3ba547d5322751b9756ce9a4750f3cf18febee0a64edca5b007634bd80e0fe",
    "https://deno.land/x/mongo@v0.31.1/src/protocol/header.ts": "0f28db842f886e57b7013606c1391affab2e2960a1a4568d2502e7b788117716",
    "https://deno.land/x/mongo@v0.31.1/src/protocol/message.ts": "b1121b98420c9a44783619c7a0b2f7bb2cb305dfc64adc3e6a9b7781f4d35a3a",
    "https://deno.land/x/mongo@v0.31.1/src/protocol/mod.ts": "4e24d563049c0a236234598ca786ca13778dc17fdb80ac543ac6c75d0c5094d7",
    "https://deno.land/x/mongo@v0.31.1/src/protocol/protocol.ts": "92568dd86e6ef3f54054113d9f5620f158fc1dfee2a7c9d13623975835d5996a",
    "https://deno.land/x/mongo@v0.31.1/src/types.ts": "aae7d0053341d26a802de9ac26a5209a67f53052bc2c13fae018396867590d4c",
    "https://deno.land/x/mongo@v0.31.1/src/types/geojson.ts": "14690e2fa1591939253ddc9de181b0664051e9462db131b72be5fb9d064dff44",
    "https://deno.land/x/mongo@v0.31.1/src/types/geospatial.ts": "c73ee13536365fa5d868b65ab47b3488a5f223a67e1e059761886f750db70ef9",
    "https://deno.land/x/mongo@v0.31.1/src/types/gridfs.ts": "e1fd12c3ca58d437267e7a8557d745d23b9d8916d1da34c1847e5e373728dfa0",
    "https://deno.land/x/mongo@v0.31.1/src/types/read_write_concern.ts": "d00f35eb85520e776741888685d08d479766a19e9a0a970b53f4594c9db00496",
    "https://deno.land/x/mongo@v0.31.1/src/utils/ns.ts": "fb0c57b8dc4d31f8993112d267dec3c163d3e8862198d1cd03b2b51bcc3caad9",
    "https://deno.land/x/mongo@v0.31.1/src/utils/saslprep/deps.ts": "95ceb81b353110526dacf2a98854bc79d6e17d7f173af8806e91c05555d7b8c7",
    "https://deno.land/x/mongo@v0.31.1/src/utils/saslprep/load_code_points.ts": "f6a4ef2eb2345eac40ffbf1a30661cca803f399865f2a0fadafb71f57d4c97bf",
    "https://deno.land/x/mongo@v0.31.1/src/utils/saslprep/memory_pager.ts": "f55a79a13ec569c21630c3915a9af0c6fc0aa2b899121fa2a85a813c6dd4afba",
    "https://deno.land/x/mongo@v0.31.1/src/utils/saslprep/mod.ts": "0a8a39a0784d065a79c54ce63d7d7b103d0b94addc5b7bcf985517ba2442c8a1",
    "https://deno.land/x/mongo@v0.31.1/src/utils/saslprep/sparse_bitfield.ts": "07d6fe2ecd4ba5f711c44c1ae409bb9c1fe3a3cfc09e27434d231d4aae46dd2d",
    "https://deno.land/x/mongo@v0.31.1/src/utils/srv.ts": "ed5f78ffe6480faac68291a87e51e3674eff5f28aec937ee97248e99e1317b16",
    "https://deno.land/x/mongo@v0.31.1/src/utils/uri.ts": "dcfab8e1dcfcc875c75ada1d9f366664480c03b65594990d6342ed88925452e5",
    "https://deno.land/x/oson@1.0.1/constructors.ts": "2b77dcdc8d8db5ece2860d1657f4dcef37dd761684f1d4b9535c7e56a0fbfcf6",
    "https://deno.land/x/oson@1.0.1/mod.ts": "54e494dc517ce0de6c727c25d9731ccc748e8646c883e922dc5d656f523a4e5b",
    "https://deno.land/x/oson@1.0.1/oson.ts": "ec3908ae5c9ceff7bfd869d95a2183b929b9d96fbff44b57d28d3b742d06a4a1",
    "https://deno.land/x/web_bson@v0.2.5/deps.ts": "b113dd66321c328ae90b7cf8f0f6b37ea472f6f5a5a0553f0c7dfd89538d2748",
    "https://deno.land/x/web_bson@v0.2.5/mod.ts": "a2b58ed2e1748e6faa56fbe6caf0e1937f4e77de15376cad920aea655b17bcf3",
    "https://deno.land/x/web_bson@v0.2.5/src/binary.ts": "2bd89fca666d06b12e4da7ae2aae2b87e495666e002011ceef4fd3e228ea3018",
    "https://deno.land/x/web_bson@v0.2.5/src/bson.ts": "608b1b8e1b9a2abcb2d3b601b63e2731608a2ee0941e801a08c1328a37ff0751",
    "https://deno.land/x/web_bson@v0.2.5/src/code.ts": "ad713ab49d2c9028fa798630ccdf345a9a2fbaa468c9bd0c3df3f411c3679bd1",
    "https://deno.land/x/web_bson@v0.2.5/src/constants.ts": "906fb45165e2df04332ffeb6a407b39d257b76ad64667ecfe4848bfc64934a5e",
    "https://deno.land/x/web_bson@v0.2.5/src/db_ref.ts": "2b29a4b74fde79d25322f31f8b98a908270468fa84af7ebd72c1e45b436b9fe2",
    "https://deno.land/x/web_bson@v0.2.5/src/decimal128.ts": "f0377c29b255ec423d4b491675dfb83410d5e92a9fcca9bcd63bfd757489b05d",
    "https://deno.land/x/web_bson@v0.2.5/src/double.ts": "9df7baf7cdb2d8ef50a141a373c755cabebeb5a5da6c2f551e5377064ccf2aa9",
    "https://deno.land/x/web_bson@v0.2.5/src/error.ts": "d7aa0d57de5c6dc137402fc97219b6e136fc2dcddef90f031bdeb52181cc5275",
    "https://deno.land/x/web_bson@v0.2.5/src/extended_json.ts": "98f57fba581712e49060ed5d495c3d1b8be557dc61b11588ba79882faad4b289",
    "https://deno.land/x/web_bson@v0.2.5/src/float_parser.ts": "bffe91eae89d9d177a88d795981681ecf05850facfb92da93901576a268235cd",
    "https://deno.land/x/web_bson@v0.2.5/src/int_32.ts": "8ac60fd82c34b62645f60b2eb45238391a3e0994980dced75b31f97058cbb3b4",
    "https://deno.land/x/web_bson@v0.2.5/src/long.ts": "efffd2eb49afd7161452f8f3533d46aad78c9af6b07f6474c8c937a1b53c5d19",
    "https://deno.land/x/web_bson@v0.2.5/src/max_key.ts": "8016a701657be73fd4d3b80c746084ba18322bb39bdc4e78e35f0e2f21be2a70",
    "https://deno.land/x/web_bson@v0.2.5/src/min_key.ts": "19691f520868996bd2fc96bf26037badf6d32f8702c035e0d8531b549ef9854c",
    "https://deno.land/x/web_bson@v0.2.5/src/objectid.ts": "afc51f3bf9d566fa474c96a8ec0362951ff962a4b8c7ecde51e4537fe95be089",
    "https://deno.land/x/web_bson@v0.2.5/src/parser/calculate_size.ts": "ca1e81c793860c9200a3c6cfec220539524f81acca0d76738426bbf8ef857950",
    "https://deno.land/x/web_bson@v0.2.5/src/parser/deserializer.ts": "40d154d44f80250dfef0121c1c1a997220a38d08c0fc369247f573ef83649802",
    "https://deno.land/x/web_bson@v0.2.5/src/parser/serializer.ts": "fdea917596143694eda0059b0f72fdbe72ade0591c6ba4b4e8f82958ab35c37d",
    "https://deno.land/x/web_bson@v0.2.5/src/parser/utils.ts": "7bfe19aaf71164d8326f82c1e01dabe6140c18939f4bd8961380495a7c76f57f",
    "https://deno.land/x/web_bson@v0.2.5/src/regexp.ts": "1e287a7ada20a0a4b625bf3c191295db149bfefac6beb707fe52d0232c612265",
    "https://deno.land/x/web_bson@v0.2.5/src/symbol.ts": "b727698ed367d426b32f068c067ccd43a458347589715dd329b82caf10b9cf32",
    "https://deno.land/x/web_bson@v0.2.5/src/timestamp.ts": "49bba69e2a26cfea5870b69c739cbfce64814b21682ed3161105737f3d97ef66",
    "https://deno.land/x/web_bson@v0.2.5/src/uuid.ts": "c8c51a946dc8c1d6a15370d50de2247f4fbf69ce1c413ae29c8e211738ec0efc",
    "https://deno.land/x/web_bson@v0.2.5/src/uuid_utils.ts": "322cbea409a32cfdbffcae854b91bb30b80730741e032b98f5d6868ad63bc07d",
    "https://deno.land/x/web_bson@v0.2.5/src/validate_utf8.ts": "b7f4d723c379fb66aa84e148bb59f78f4e1c96847e28c38ee7f9f3bf35703ae4",
    "https://deno.land/x/web_bson@v0.2.5/utils.ts": "4c51c0be4bbb77c1e547eeef9b5aa53ffa611f628684875375103f627649ceb1",
    "https://esm.sh/@grammyjs/types@2.12.1": "9109db2bf231796610162bce5d6d5c738c2592efd073f5537844b02175ae8682",
    "https://esm.sh/v107/@grammyjs/types@2.12.1/api.d.ts": "efc90a31eb6f59ae5e7a4cf5838f46529e2fa6fa7e97a51a82dbd28afad21592",
    "https://esm.sh/v107/@grammyjs/types@2.12.1/deno/types.js": "acb44be31f2d89ab0814154c71d8907a0880a26a890fca017e2725356bbc6eae",
    "https://esm.sh/v107/@grammyjs/types@2.12.1/index.d.ts": "1c60004dec6270d9badd5ed195dbd6d4ddd00fa701acfeea922ed9f4861576a4",
    "https://esm.sh/v107/@grammyjs/types@2.12.1/inline.d.ts": "573b2790679c5c0910847a60064ae85c6f6007bfa139e3f611dd917f9c54399b",
    "https://esm.sh/v107/@grammyjs/types@2.12.1/manage.d.ts": "c8f9d21eb8de00703db08d808ca683705fcee60ca54a3d62ee7ac9fd24eb5bd2",
    "https://esm.sh/v107/@grammyjs/types@2.12.1/markup.d.ts": "c2eb6a0fe8f5e15d903bfa33f23f36ae5c9a77accc5d5656a80fe26ae9793057",
    "https://esm.sh/v107/@grammyjs/types@2.12.1/menu-button.d.ts": "096e03dadaf3af415c48c14cb91380769df01dcccbb0931575bf5f15a5df5cd7",
    "https://esm.sh/v107/@grammyjs/types@2.12.1/message.d.ts": "fb395a5ec2b130269d680788b098f32fec4ee2eeb3fa4aeead14fdb8b8095d03",
    "https://esm.sh/v107/@grammyjs/types@2.12.1/passport.d.ts": "e3fb63aec96510bcc317ef48fd25b435444b8f407502d7568c00fce15f2958fd",
    "https://esm.sh/v107/@grammyjs/types@2.12.1/payment.d.ts": "410c384a26d24252219713adeb0c360d5d038102ab9d1a6e9aad20b603830d0c",
    "https://esm.sh/v107/@grammyjs/types@2.12.1/proxied.d.ts": "f633a4e6f59f34362d5dcd94872a661f0aa46e695ba0dd2445e844b5ef03fe19",
    "https://esm.sh/v107/@grammyjs/types@2.12.1/update.d.ts": "7c4fb6534a1b401ab300f7edf49e2fe75293153fc44af14382eea0c0c02033c2"
  }
}
