{
  "version": "2",
  "remote": {
    "https://cdn.skypack.dev/-/debug@v4.3.4-o4liVvMlOnQWbLSYZMXw/dist=es2019,mode=imports/optimized/debug.js": "671100993996e39b501301a87000607916d4d2d9f8fc8e9c5200ae5ba64a1389",
    "https://cdn.skypack.dev/-/ms@v2.1.2-giBDZ1IA5lmQ3ZXaa87V/dist=es2019,mode=imports/optimized/ms.js": "fd88e2d51900437011f1ad232f3393ce97db1b87a7844b3c58dd6d65562c1276",
    "https://cdn.skypack.dev/debug@4.3.4": "7b1d010cc930f71b940ba5941da055bc181115229e29de7214bdb4425c68ea76",
    "https://deno.land/std@0.153.0/fmt/colors.ts": "ff7dc9c9f33a72bd48bc24b21bbc1b4545d8494a431f17894dbc5fe92a938fc4",
    "https://deno.land/std@0.154.0/_util/assert.ts": "e94f2eb37cebd7f199952e242c77654e43333c1ac4c5c700e929ea3aa5489f74",
    "https://deno.land/std@0.154.0/_util/os.ts": "3b4c6e27febd119d36a416d7a97bd3b0251b77c88942c8f16ee5953ea13e2e49",
    "https://deno.land/std@0.154.0/_wasm_crypto/lib/deno_std_wasm_crypto.generated.mjs": "dfcd6777d05345362c70f9f2c49abba3ed3f925fccfcf725abe2d16d51819433",
    "https://deno.land/std@0.154.0/_wasm_crypto/mod.ts": "6c60d332716147ded0eece0861780678d51b560f533b27db2e15c64a4ef83665",
    "https://deno.land/std@0.154.0/async/deferred.ts": "c01de44b9192359cebd3fe93273fcebf9e95110bf3360023917da9a2d1489fae",
    "https://deno.land/std@0.154.0/bytes/bytes_list.ts": "aba5e2369e77d426b10af1de0dcc4531acecec27f9b9056f4f7bfbf8ac147ab4",
    "https://deno.land/std@0.154.0/bytes/equals.ts": "3c3558c3ae85526f84510aa2b48ab2ad7bdd899e2e0f5b7a8ffc85acb3a6043a",
    "https://deno.land/std@0.154.0/bytes/mod.ts": "763f97d33051cc3f28af1a688dfe2830841192a9fea0cbaa55f927b49d49d0bf",
    "https://deno.land/std@0.154.0/crypto/_fnv/fnv32.ts": "aa9bddead8c6345087d3abd4ef35fb9655622afc333fc41fff382b36e64280b5",
    "https://deno.land/std@0.154.0/crypto/_fnv/fnv64.ts": "625d7e7505b6cb2e9801b5fd6ed0a89256bac12b2bbb3e4664b85a88b0ec5bef",
    "https://deno.land/std@0.154.0/crypto/_fnv/index.ts": "a8f6a361b4c6d54e5e89c16098f99b6962a1dd6ad1307dbc97fa1ecac5d7060a",
    "https://deno.land/std@0.154.0/crypto/_fnv/util.ts": "4848313bed7f00f55be3cb080aa0583fc007812ba965b03e4009665bde614ce3",
    "https://deno.land/std@0.154.0/crypto/keystack.ts": "e481eed28007395e554a435e880fee83a5c73b9259ed8a135a75e4b1e4f381f7",
    "https://deno.land/std@0.154.0/crypto/mod.ts": "0ef11f063cd0f9759485a3c9051e15125e1bde3b47c23b47e79b6e13cfcf9481",
    "https://deno.land/std@0.154.0/crypto/timing_safe_equal.ts": "82a29b737bc8932d75d7a20c404136089d5d23629e94ba14efa98a8cc066c73e",
    "https://deno.land/std@0.154.0/dotenv/mod.ts": "3ad3c1caddb82bf9413686e8cfe24272b77089bc15e8840bdeccad4655e3a8db",
    "https://deno.land/std@0.154.0/dotenv/util.ts": "6cc392f087577a26a27f0463f77cc0c31a390aa055917099935b36eb2454592d",
    "https://deno.land/std@0.154.0/encoding/base64.ts": "c57868ca7fa2fbe919f57f88a623ad34e3d970d675bdc1ff3a9d02bba7409db2",
    "https://deno.land/std@0.154.0/encoding/base64url.ts": "a5f82a9fa703bd85a5eb8e7c1296bc6529e601ebd9642cc2b5eaa6b38fa9e05a",
    "https://deno.land/std@0.154.0/encoding/hex.ts": "4cc5324417cbb4ac9b828453d35aed45b9cc29506fad658f1f138d981ae33795",
    "https://deno.land/std@0.154.0/fmt/colors.ts": "ff7dc9c9f33a72bd48bc24b21bbc1b4545d8494a431f17894dbc5fe92a938fc4",
    "https://deno.land/std@0.154.0/io/buffer.ts": "fae02290f52301c4e0188670e730cd902f9307fb732d79c4aa14ebdc82497289",
    "https://deno.land/std@0.154.0/io/files.ts": "d199ef64e918a256320ba8d8d44ae91de87c9077df8f8d6cca013f1b9fbbe285",
    "https://deno.land/std@0.154.0/io/mod.ts": "33507cf2460ab67d0d90fb5749fa6fecb33897642b49d54a6bb1ac81e4768f69",
    "https://deno.land/std@0.154.0/io/readers.ts": "45847ad404afd2f605eae1cff193f223462bc55eeb9ae313c2f3db28aada0fd6",
    "https://deno.land/std@0.154.0/io/streams.ts": "988a19155b52161f0035ce539e2f1d12edbc4c389fa7633da832a64e6edbe1a0",
    "https://deno.land/std@0.154.0/io/types.d.ts": "0cae3a62da7a37043661746c65c021058bae020b54e50c0e774916e5d4baee43",
    "https://deno.land/std@0.154.0/io/util.ts": "078da53bba767bec0d45f7da44411f6dbf269e51ef7fcfea5e3714e04681c674",
    "https://deno.land/std@0.154.0/io/writers.ts": "2e1c63ffd0cfba411b1fd8374609abff9ea86187c9d4d885d42e6fc20325ef0e",
    "https://deno.land/std@0.154.0/path/_constants.ts": "df1db3ffa6dd6d1252cc9617e5d72165cd2483df90e93833e13580687b6083c3",
    "https://deno.land/std@0.154.0/path/_interface.ts": "ee3b431a336b80cf445441109d089b70d87d5e248f4f90ff906820889ecf8d09",
    "https://deno.land/std@0.154.0/path/_util.ts": "d16be2a16e1204b65f9d0dfc54a9bc472cafe5f4a190b3c8471ec2016ccd1677",
    "https://deno.land/std@0.154.0/path/common.ts": "bee563630abd2d97f99d83c96c2fa0cca7cee103e8cb4e7699ec4d5db7bd2633",
    "https://deno.land/std@0.154.0/path/glob.ts": "cb5255638de1048973c3e69e420c77dc04f75755524cb3b2e160fe9277d939ee",
    "https://deno.land/std@0.154.0/path/mod.ts": "56fec03ad0ebd61b6ab39ddb9b0ddb4c4a5c9f2f4f632e09dd37ec9ebfd722ac",
    "https://deno.land/std@0.154.0/path/posix.ts": "c1f7afe274290ea0b51da07ee205653b2964bd74909a82deb07b69a6cc383aaa",
    "https://deno.land/std@0.154.0/path/separator.ts": "fe1816cb765a8068afb3e8f13ad272351c85cbc739af56dacfc7d93d710fe0f9",
    "https://deno.land/std@0.154.0/path/win32.ts": "bd7549042e37879c68ff2f8576a25950abbfca1d696d41d82c7bca0b7e6f452c",
    "https://deno.land/std@0.154.0/streams/conversion.ts": "fc4eb76a14148c43f0b85e903a5a1526391aa40ed9434dc21e34f88304eb823e",
    "https://deno.land/std@0.154.0/testing/_diff.ts": "141f978a283defc367eeee3ff7b58aa8763cf7c8e0c585132eae614468e9d7b8",
    "https://deno.land/std@0.154.0/testing/_format.ts": "cd11136e1797791045e639e9f0f4640d5b4166148796cad37e6ef75f7d7f3832",
    "https://deno.land/std@0.154.0/testing/asserts.ts": "ac295f7fd22a7af107580e2475402a8c386cb1bf18bf837ae266ac0665786026",
    "https://deno.land/std@0.170.0/_util/asserts.ts": "d0844e9b62510f89ce1f9878b046f6a57bf88f208a10304aab50efcb48365272",
    "https://deno.land/std@0.170.0/_util/os.ts": "8a33345f74990e627b9dfe2de9b040004b08ea5146c7c9e8fe9a29070d193934",
    "https://deno.land/std@0.170.0/async/deferred.ts": "77d3f84255c3627f1cc88699d8472b664d7635990d5358c4351623e098e917d6",
    "https://deno.land/std@0.170.0/bytes/bytes_list.ts": "aba5e2369e77d426b10af1de0dcc4531acecec27f9b9056f4f7bfbf8ac147ab4",
    "https://deno.land/std@0.170.0/bytes/concat.ts": "97a1274e117510ffffc9499c4debb9541e408732bab2e0ca624869ae13103c10",
    "https://deno.land/std@0.170.0/bytes/copy.ts": "d14a58f188a997ee0d2ba696d0c82a42f4fb4b6705e90a4238b77d7644dae24c",
    "https://deno.land/std@0.170.0/io/buf_reader.ts": "6c0eb067040a9931be2d24de50f56e67b10e3ff69d5344575df06caddf551417",
    "https://deno.land/std@0.170.0/io/buf_writer.ts": "b1ee5325cec3386596c67b1c7510bfc7e42b2f505060fe2e9d6536cdefdbb30c",
    "https://deno.land/std@0.170.0/io/buffer.ts": "04e4d9a7bffffeddd75df7da795001871857d83f8e7772e6a3eee9d174f33d38",
    "https://deno.land/std@0.170.0/io/read_delim.ts": "6bff17d31730eeab402633ee53701ac16e7b575a343c432acf7bd61bd649fd05",
    "https://deno.land/std@0.170.0/io/read_lines.ts": "51e2841394effe1473f588de2a87d62b1c2deb63ce869115506324e228f9e67b",
    "https://deno.land/std@0.170.0/io/read_string_delim.ts": "70b20eebd853269252d4a833834a2677b711f216842709d11005ba291d822a0a",
    "https://deno.land/std@0.170.0/io/types.d.ts": "790d3a3fa6b7f298d4cfbcf8bfd9d4be595c1b1acaa3eebb3009177df98bf93c",
    "https://deno.land/std@0.170.0/path/_constants.ts": "df1db3ffa6dd6d1252cc9617e5d72165cd2483df90e93833e13580687b6083c3",
    "https://deno.land/std@0.170.0/path/_interface.ts": "ee3b431a336b80cf445441109d089b70d87d5e248f4f90ff906820889ecf8d09",
    "https://deno.land/std@0.170.0/path/_util.ts": "d16be2a16e1204b65f9d0dfc54a9bc472cafe5f4a190b3c8471ec2016ccd1677",
    "https://deno.land/std@0.170.0/path/common.ts": "bee563630abd2d97f99d83c96c2fa0cca7cee103e8cb4e7699ec4d5db7bd2633",
    "https://deno.land/std@0.170.0/path/glob.ts": "81cc6c72be002cd546c7a22d1f263f82f63f37fe0035d9726aa96fc8f6e4afa1",
    "https://deno.land/std@0.170.0/path/mod.ts": "cf7cec7ac11b7048bb66af8ae03513e66595c279c65cfa12bfc07d9599608b78",
    "https://deno.land/std@0.170.0/path/posix.ts": "b859684bc4d80edfd4cad0a82371b50c716330bed51143d6dcdbe59e6278b30c",
    "https://deno.land/std@0.170.0/path/separator.ts": "fe1816cb765a8068afb3e8f13ad272351c85cbc739af56dacfc7d93d710fe0f9",
    "https://deno.land/std@0.170.0/path/win32.ts": "7cebd2bda6657371adc00061a1d23fdd87bcdf64b4843bb148b0b24c11b40f69",
    "https://deno.land/std@0.170.0/streams/_common.ts": "a931bdab61de705bbfeda25d7bcf8e6edbba37492f90737b3c2889604313df46",
    "https://deno.land/std@0.170.0/streams/buffer.ts": "53823f5a5b417998c568ea2f4060c5eb5c368e7c0147c79b343f5e18840d465a",
    "https://deno.land/std@0.170.0/streams/byte_slice_stream.ts": "65141918827f4063e052d9937fd472fedfa1a381cdccd674065839506016b2e3",
    "https://deno.land/std@0.170.0/streams/copy.ts": "9a972a4befee3306095e9bb058a5a4d73b681df6ca088d7209f9a0736271aadc",
    "https://deno.land/std@0.170.0/streams/delimiter_stream.ts": "dfc73a5324f15a53ea654fcc8b47c321f3bef6ec4499be44902f0aed5b1eed1e",
    "https://deno.land/std@0.170.0/streams/early_zip_readable_streams.ts": "1a4e1b8b9018638e2c0fefd4d0bce3bcffa7d1673630c9c817eba0cdde794a50",
    "https://deno.land/std@0.170.0/streams/iterate_reader.ts": "26adde791b4206a8abbbd6365a8845b88aef396c1fd642066ec8e8480675e6a1",
    "https://deno.land/std@0.170.0/streams/limited_bytes_transform_stream.ts": "3b7327a39d7f2c4799c94e853f3bfe43d9434edc2074a33fec8800252052576f",
    "https://deno.land/std@0.170.0/streams/limited_transform_stream.ts": "abb275b2d52d8817edacc63e966ca9dd14eaa956b231d217c28ffd327e097c7e",
    "https://deno.land/std@0.170.0/streams/merge_readable_streams.ts": "afa207eaa42a4b7299405b0e40b4dd023bc557be07219ba5e91b9492aa54096d",
    "https://deno.land/std@0.170.0/streams/mod.ts": "b0ac529acf419de264197cac696646cefb8e441d0116525d2753453bd2cbf6e1",
    "https://deno.land/std@0.170.0/streams/read_all.ts": "52c733b63ca52af7d78326228529d7d629d5b3bb7c34c0a0261b5a6ecc209e73",
    "https://deno.land/std@0.170.0/streams/readable_stream_from_iterable.ts": "eaa03bf3b7fbffa665d3d9c30435dcce3437c67559f97eaccc58995d3efcf8cd",
    "https://deno.land/std@0.170.0/streams/readable_stream_from_reader.ts": "fa1e01839d214826a1547f108f2858d9f97b267ccf2523bf08c6db3e07ae3124",
    "https://deno.land/std@0.170.0/streams/reader_from_iterable.ts": "91ebe9cfed2422b7193e222e3479d31f7906171df4f94e0d8df35877b9d15e69",
    "https://deno.land/std@0.170.0/streams/reader_from_stream_reader.ts": "88043a2b2932443e1b5133264283ded6872bec0604d4e69235ebf73e5e9ddde3",
    "https://deno.land/std@0.170.0/streams/text_delimiter_stream.ts": "03150e093373222c51cb94b8518fb4f789990a5ffdee767a3952a599fe56226f",
    "https://deno.land/std@0.170.0/streams/text_line_stream.ts": "9c402985714fe454dad6b59df8a6de7bf13fcb7ae027f35226b0b76d90a1dc60",
    "https://deno.land/std@0.170.0/streams/to_transform_stream.ts": "f3fea34e2d338d9022079d2e756a834b4c233758ad2bcdb43ace326b06c8d36c",
    "https://deno.land/std@0.170.0/streams/writable_stream_from_writer.ts": "ae8daf9f524c449485235900746d195c4d845bb452aed679e67288a9b6848f3b",
    "https://deno.land/std@0.170.0/streams/write_all.ts": "7525aa90e34a2bb56d094403ad9c0e31e7db87a47cb556e6dc0404e6deca084c",
    "https://deno.land/std@0.170.0/streams/writer_from_stream_writer.ts": "eee7964dc30acc74a02fc52f98f3a4fd46d1382d7897859b21eeebbd0a754ec6",
    "https://deno.land/std@0.170.0/streams/zip_readable_streams.ts": "17d5e6625a60ae4268dfd1ddb9aefa3c7f048ed854d4c20d4c05b646dc0e006b",
    "https://deno.land/x/better_fluent@v1.0.0/deps.ts": "67584771abdd974d1477747cb30405b0bc69c239fb343ee592dc63cd8caf4d42",
    "https://deno.land/x/better_fluent@v1.0.0/fluent.ts": "cd813e2fa2ab869bbdbe1f0e3949395359862eee8dd31c4a73466e59d8620460",
    "https://deno.land/x/better_fluent@v1.0.0/mod.ts": "33bf480851153653c43c053fcac387825e176849d6b3c3655af9b0d125c1bf91",
    "https://deno.land/x/better_fluent@v1.0.0/warnings/logging_warning_handler.ts": "fb7da813d1c2855aeeefab0aa819318caac132eb7854ab3268ef7c71f72b7b5a",
    "https://deno.land/x/better_fluent@v1.0.0/warnings/warnings.ts": "b3a653b11ef8a7e9d648bb689b76a9c583c9170b96dbafb49d4c0752f4af7252",
    "https://deno.land/x/envalid@0.1.2/core.ts": "9cb1b469919af72d3ad8576f952c8b695e9b5356878d84f15db9328b7afab2d5",
    "https://deno.land/x/envalid@0.1.2/envalid.ts": "76755815e2643aacbe604e3cd76415f0f4c8cc04d7cdbae0ab05a0ebc86ceb38",
    "https://deno.land/x/envalid@0.1.2/errors.ts": "8524f99ff929abe5c9fa07c250cafb15e564d5339ae8fdfabd6d56fab9ec7e00",
    "https://deno.land/x/envalid@0.1.2/middleware.ts": "c7a88e1dce3f280471844c36080a346ac3aadc4420b3fbff92807d21f3aec1e2",
    "https://deno.land/x/envalid@0.1.2/mod.ts": "c82f8e49cf6b008478a11275bbc9c55a4f900a2010fb4d0882cfba6f914eaa1c",
    "https://deno.land/x/envalid@0.1.2/reporter.ts": "5affd2863a25cca71e7f249504f0670112e5e1742dd8a3977764e45fa5957dcc",
    "https://deno.land/x/envalid@0.1.2/types.ts": "3c8630c015922739c8e0c3638dd446bbaf627ecccfb9b21329dbd0af82c4236d",
    "https://deno.land/x/envalid@0.1.2/validators.ts": "9252d4a0a70a7c1895be7813596a562cd8b105756f7cbbd8e49caf1bf4998453",
    "https://deno.land/x/fluent@v0.0.0/bundle/ast.ts": "5b6c57e6115ca4497fc15be9a854053c0700cbadb680956b8719d6e40eacc759",
    "https://deno.land/x/fluent@v0.0.0/bundle/builtins.ts": "e3d0d37806ca352fbb5fd769862cf3322bbca0f9e74728fdf65899e60c44bfe3",
    "https://deno.land/x/fluent@v0.0.0/bundle/bundle.ts": "3550bd2586e1ab5030d1f3b5c5eeaa63ec5fe7d883620d42ef9ead1cc5f583e9",
    "https://deno.land/x/fluent@v0.0.0/bundle/memoizer.ts": "145e4d64156bca1f7fac51ca47eb31e15b0b31304ba4c8a1fe05e95a8ca85a96",
    "https://deno.land/x/fluent@v0.0.0/bundle/mod.ts": "953d78728d3137d7fd60dc809d24f9ca4f3eb45dba617ecb6c664d05a54d74f7",
    "https://deno.land/x/fluent@v0.0.0/bundle/resolver.ts": "58b782f2cdab6c01765f85eca88afff5272597fd0b854a96d06e73961f27a985",
    "https://deno.land/x/fluent@v0.0.0/bundle/resource.ts": "bc57adeacaef31b63e046a4271fdf98ac6dc5e26b330d5867bc820dc5a33c31d",
    "https://deno.land/x/fluent@v0.0.0/bundle/scope.ts": "a609fe78d6d8f251299cdaf0a7a111bc7f92cc0ba376dd235b4b193c43724559",
    "https://deno.land/x/fluent@v0.0.0/bundle/types.ts": "3d7f390a4e5338b841251e1714f7e2a7e16200e860795087cbee787759a7ba9f",
    "https://deno.land/x/fluent@v0.0.0/langneg/accepted_languages.ts": "696c8790f6692fa01440719101ace34f6d6d1ecf723fdd61199bcc4f661dbb4e",
    "https://deno.land/x/fluent@v0.0.0/langneg/locale.ts": "d00f3238bc12076c37168cc1f5cbc3bb25a3dd062cc5e6c236d3e436275721c6",
    "https://deno.land/x/fluent@v0.0.0/langneg/matches.ts": "457c6a6386e9d0f7c0d8939e8f3ef37121655bef98b10652e668455039e71cc4",
    "https://deno.land/x/fluent@v0.0.0/langneg/mod.ts": "fc52dbc031252097c7d6d49a3718ad7952e53b505c79457ab6b117bafbfd7781",
    "https://deno.land/x/fluent@v0.0.0/langneg/negotiate_languages.ts": "3e88a33731910cc1c375292b1fe8d8752d730d1d7408ba71ccb9958656be6047",
    "https://deno.land/x/grammy@v1.13.1/bot.ts": "0d964a47af531ac1ed8fa37fc5475eef29f75c36a8cb67ca2f31de1b4a72f5cd",
    "https://deno.land/x/grammy@v1.13.1/composer.ts": "1d2e164f9934466553d7f9bf9bf2fe65a1f453b7f7ce3cf57066d87382c6dac2",
    "https://deno.land/x/grammy@v1.13.1/context.ts": "93cb00858eaa52ea55e06b502780a75e0d8d93ca824918ca33101da5c847aef6",
    "https://deno.land/x/grammy@v1.13.1/convenience/frameworks.deno.ts": "b5fe4e73deb81e2b343b4a5b243f6228496b1343187e0c3da7a81a91e9ff1560",
    "https://deno.land/x/grammy@v1.13.1/convenience/frameworks.shared.ts": "916fad75fc3971c513282192025ab7261e7cde0ee815acdac751a4d67b0e0994",
    "https://deno.land/x/grammy@v1.13.1/convenience/keyboard.ts": "343aae6a90793daefa4a85741306c0c902d20fd9e235f6d7dbe075bd4464969d",
    "https://deno.land/x/grammy@v1.13.1/convenience/session.ts": "d3f782e7669faffee197c00fde78a10a6ac6e7cd1b94a5ebefe2b7ce0d43ac1a",
    "https://deno.land/x/grammy@v1.13.1/convenience/webhook.ts": "137a11f1c924dd31f5a3f8e320f5e8aa7e764efde2147aa04f58c0103cad1643",
    "https://deno.land/x/grammy@v1.13.1/core/api.ts": "cc350c07037e84f5b2b5f73bcff6ea11abe73957624a53b9521f88c26f80d9fe",
    "https://deno.land/x/grammy@v1.13.1/core/client.ts": "8914f13b2cb69f16104a9711e4fea0a4500edd0950736dcc3ac078ab46f7a5ab",
    "https://deno.land/x/grammy@v1.13.1/core/error.ts": "4638b2127ebe60249c78b83011d468f5e1e1a87748d32fe11a8200d9f824ad13",
    "https://deno.land/x/grammy@v1.13.1/core/payload.ts": "bed2e44fb567259ee2cab70a7734544c90fae80cb937b354ee1427d0f0883b39",
    "https://deno.land/x/grammy@v1.13.1/filter.ts": "8a0ded4aad4ab899d17de67164fe19fb922acaed6c269da13c666b9b10073756",
    "https://deno.land/x/grammy@v1.13.1/mod.ts": "6d96b0c7b4c8b9448b9f9903a95a78c3379febd36b0f6485ad567d79b153c794",
    "https://deno.land/x/grammy@v1.13.1/platform.deno.ts": "0bd91c858f4a46058f6ed4e89855fdb40508ede8f179155ac6ce62bf8e01f418",
    "https://deno.land/x/grammy@v1.13.1/types.deno.ts": "f73c59bd8c00507e01056ea9443d8a831351b8698a8486c928fef697fae669f4",
    "https://deno.land/x/grammy@v1.13.1/types.ts": "729415590dfa188dbe924dea614dff4e976babdbabb28a307b869fc25777cdf0",
    "https://deno.land/x/grammy_conversations@v1.1.1/conversation.ts": "db8470c7a7313a390d3a5b9aad111b15a547a5c7c408ede962b630f349ec5c56",
    "https://deno.land/x/grammy_conversations@v1.1.1/deps.deno.ts": "c982798d7ca4cd3ebcd5a24319d03c5980dc47827b5a172a77022859abdb404e",
    "https://deno.land/x/grammy_conversations@v1.1.1/form.ts": "d2d527fdcb26eb489b4aa1a183ae3aa14bf185a375ebf7d5c6ab8360e8b0e170",
    "https://deno.land/x/grammy_conversations@v1.1.1/mod.ts": "4234b7a353ebb6770352c8b1fcafb0de40abd764cc44ae018f10b29c3a065b50",
    "https://deno.land/x/grammy_conversations@v1.1.1/utils.ts": "139ebe78dbf078d3bbf8cbc78ad286125a08e7e7895d4985fff7be9cef328e20",
    "https://deno.land/x/grammy_hydrate@v1.3.1/data/callback-query.ts": "4e1d2be351c50dd7e252a99de02eb89af0e4ed85db4b8325afbc07e2afc54904",
    "https://deno.land/x/grammy_hydrate@v1.3.1/data/chat-join-request.ts": "d9f7ad9bfe44f3bba7355a9c0816b85f4d585a3f714a10eb443901f3afe8420d",
    "https://deno.land/x/grammy_hydrate@v1.3.1/data/chosen-inline-result.ts": "f23b32d88052dc2923ce267bfcb6306b36aeade5a358950e21fd2fc9590bd90b",
    "https://deno.land/x/grammy_hydrate@v1.3.1/data/inline-message.ts": "4fd6505620cabe42d34bcc1a529137104486e9b1e4256f658328648f41b309e3",
    "https://deno.land/x/grammy_hydrate@v1.3.1/data/inline-query.ts": "2a9a611512f9e84320cc24f7403c06b81282c2acec4375d2d05dd618e1eb4754",
    "https://deno.land/x/grammy_hydrate@v1.3.1/data/message.ts": "7e9b67fbc52e4f4b3b38b2913b9f99e13ceb31a4ecd8ad09e60d0033353134d2",
    "https://deno.land/x/grammy_hydrate@v1.3.1/data/pre-checkout-query.ts": "8e74690cb4e8ccab7c717accb29e17a49b11f732f2090c98473dd6b825296e80",
    "https://deno.land/x/grammy_hydrate@v1.3.1/data/shipping-query.ts": "f662d50772e649f71635cf7d748a16c6b60772d600eb18f4d763aa4618b66d40",
    "https://deno.land/x/grammy_hydrate@v1.3.1/data/update.ts": "dfc8cebf913a418a4af3a67b77e40322638fae6070db5b9bef97a75684c70d92",
    "https://deno.land/x/grammy_hydrate@v1.3.1/deps.deno.ts": "4705318c941223fa22fbb45f220de82fd14d4207b6df38a97c57fa7b3e7575b0",
    "https://deno.land/x/grammy_hydrate@v1.3.1/mod.ts": "379c5f64594cd879653cdce715c318b3eed29ab26e071f356b9b61f9e3943bc3",
    "https://deno.land/x/grammy_hydrate@v1.3.1/plugin.ts": "967a53314a26a7685e0183920a19a382cea285c5903817047f3ab55a3336c2df",
    "https://deno.land/x/grammy_i18n@v1.0.1/deps.ts": "a6300f8e4d3514f68687d9bfe9a16e603560d872a38606c9e731c382edf67db7",
    "https://deno.land/x/grammy_i18n@v1.0.1/i18n.ts": "17dfb05b1eb305a61198bfccf9885b8ba14f4a973c20a92d3a50cf519c424f40",
    "https://deno.land/x/grammy_i18n@v1.0.1/mod.ts": "3cfc8c6a687e8042371f53738825289cdaba33f14f325ff7d3cd688619fea7ed",
    "https://deno.land/x/grammy_i18n@v1.0.1/types.ts": "11df0b95aca754dc6815e67f4701f1e9ca60efcec4741c40d0042e957574d984",
    "https://deno.land/x/grammy_i18n@v1.0.1/utils.ts": "2a719dfa830f764d62e2d7905bed01da18a9d331203e5bdfa20d177d48a2f809",
    "https://deno.land/x/grammy_storages@v2.1.0/mongodb/src/deps.deno.ts": "1c3ba7ef4c77d745575c189ec045e28a8ff58ebbdfe767b154abfd052296883f",
    "https://deno.land/x/grammy_storages@v2.1.0/mongodb/src/mod.ts": "89941365d7cce50556c949027bd62c4cfd5b6fd72afe321e307afbbe156f73f8",
    "https://deno.land/x/language@v0.1.0/languages.ts": "d37e40290e99d87c1e4013226af7ee2b0f03ce2afdd472b213bcfdfabad8dc1b",
    "https://deno.land/x/language@v0.1.0/mod.ts": "072aa7eb09f4b531011401a7c930a6a6a9f49fed4a3f65e755aa1b0907b65a0b",
    "https://deno.land/x/mongo@v0.31.1/deps.ts": "ba57aa94021d88959c6aac77edbbe85226e4a6836230dcdd891da63afcbf88c1",
    "https://deno.land/x/mongo@v0.31.1/mod.ts": "0989f34d08c40440b8786140abdaf863e964e23df5d1a80e661d3d4170d9d21e",
    "https://deno.land/x/mongo@v0.31.1/src/auth/base.ts": "7fe14cf0a63d6bbc4ba69a000a04b3b184d26842504d94652a6af2d0c9494944",
    "https://deno.land/x/mongo@v0.31.1/src/auth/mod.ts": "b161611bd5be9e9d1b4497227c8ea93ad4daadcd98038c9e5a707bc5da7a25ca",
    "https://deno.land/x/mongo@v0.31.1/src/auth/pbkdf2.ts": "1f1db192fd37869d118ab34780b64567ebcf0ad83a03ef28b3d740cae9adb47a",
    "https://deno.land/x/mongo@v0.31.1/src/auth/scram.ts": "187db02e94e7e5423ec902e87d6839028770dca57830dca7f154dcd22a959c0f",
    "https://deno.land/x/mongo@v0.31.1/src/auth/x509.ts": "a75b27c549707dd441434ae400a3e6a24da7fe7d4e0e80c9bb79dfc6426b651e",
    "https://deno.land/x/mongo@v0.31.1/src/client.ts": "368cac10b3df3bfbc2dfba468d1bbd1332c359a643e0bb81a13d7220a58b43ff",
    "https://deno.land/x/mongo@v0.31.1/src/cluster.ts": "cff69bf284a5c7fcaff231494f1ab56ca652e725e58622723e402fbb61448d0e",
    "https://deno.land/x/mongo@v0.31.1/src/collection/collection.ts": "b8227c276633d2e6425736d5f5c5d5411deed3bc7bf2fccf36e39d609d5b1cb5",
    "https://deno.land/x/mongo@v0.31.1/src/collection/commands/aggregate.ts": "440906a670adb46edb36fd95573ffa83f192775108b621520be992165910e895",
    "https://deno.land/x/mongo@v0.31.1/src/collection/commands/find.ts": "5c3b750d8c82ce08d865a381bc71f600406cbc4912c4aa689238755579fb71f8",
    "https://deno.land/x/mongo@v0.31.1/src/collection/commands/list_indexes.ts": "d32a5120305d0547497026b4f5ab2ecc2f40ff7f44c405b99c2a0287765333f5",
    "https://deno.land/x/mongo@v0.31.1/src/collection/commands/update.ts": "cf352108a5dd34f0928c2196a432383d366b8ed292676c71358b9ecf1289418d",
    "https://deno.land/x/mongo@v0.31.1/src/collection/mod.ts": "bd791a0b9b46be4365f88c54893584eadec2f8cd799db9eb05e0b5b4c8d72b8e",
    "https://deno.land/x/mongo@v0.31.1/src/database.ts": "6effe102726693d2ed6817973facfbc82ae2b1ac68efddbf54493df7e29e105c",
    "https://deno.land/x/mongo@v0.31.1/src/error.ts": "8180a822b0831a94a6a28815865b5b40e3996220684bea60fcb81b272ddd06eb",
    "https://deno.land/x/mongo@v0.31.1/src/gridfs/bucket.ts": "a4452d63f6928f57486a214a499b54b80b98cc0d13e3d85a6841b34d5ff12a61",
    "https://deno.land/x/mongo@v0.31.1/src/gridfs/indexes.ts": "c9747d8272c65399a6364e08071bd1b5ac9c10816329aa670d7b6b9e895ffb5a",
    "https://deno.land/x/mongo@v0.31.1/src/gridfs/upload.ts": "6a54a21b00c6f22ad0da6ceef7a2932dc600560f594c2551abd8e4a64976abae",
    "https://deno.land/x/mongo@v0.31.1/src/protocol/cursor.ts": "c370a28856fa236129cc2d7abf7ebc4ac6cdd60acb93e0e7371433f7332394cb",
    "https://deno.land/x/mongo@v0.31.1/src/protocol/handshake.ts": "3c3ba547d5322751b9756ce9a4750f3cf18febee0a64edca5b007634bd80e0fe",
    "https://deno.land/x/mongo@v0.31.1/src/protocol/header.ts": "0f28db842f886e57b7013606c1391affab2e2960a1a4568d2502e7b788117716",
    "https://deno.land/x/mongo@v0.31.1/src/protocol/message.ts": "b1121b98420c9a44783619c7a0b2f7bb2cb305dfc64adc3e6a9b7781f4d35a3a",
    "https://deno.land/x/mongo@v0.31.1/src/protocol/mod.ts": "4e24d563049c0a236234598ca786ca13778dc17fdb80ac543ac6c75d0c5094d7",
    "https://deno.land/x/mongo@v0.31.1/src/protocol/protocol.ts": "92568dd86e6ef3f54054113d9f5620f158fc1dfee2a7c9d13623975835d5996a",
    "https://deno.land/x/mongo@v0.31.1/src/types.ts": "aae7d0053341d26a802de9ac26a5209a67f53052bc2c13fae018396867590d4c",
    "https://deno.land/x/mongo@v0.31.1/src/types/geojson.ts": "14690e2fa1591939253ddc9de181b0664051e9462db131b72be5fb9d064dff44",
    "https://deno.land/x/mongo@v0.31.1/src/types/geospatial.ts": "c73ee13536365fa5d868b65ab47b3488a5f223a67e1e059761886f750db70ef9",
    "https://deno.land/x/mongo@v0.31.1/src/types/gridfs.ts": "e1fd12c3ca58d437267e7a8557d745d23b9d8916d1da34c1847e5e373728dfa0",
    "https://deno.land/x/mongo@v0.31.1/src/types/read_write_concern.ts": "d00f35eb85520e776741888685d08d479766a19e9a0a970b53f4594c9db00496",
    "https://deno.land/x/mongo@v0.31.1/src/utils/ns.ts": "fb0c57b8dc4d31f8993112d267dec3c163d3e8862198d1cd03b2b51bcc3caad9",
    "https://deno.land/x/mongo@v0.31.1/src/utils/saslprep/deps.ts": "95ceb81b353110526dacf2a98854bc79d6e17d7f173af8806e91c05555d7b8c7",
    "https://deno.land/x/mongo@v0.31.1/src/utils/saslprep/load_code_points.ts": "f6a4ef2eb2345eac40ffbf1a30661cca803f399865f2a0fadafb71f57d4c97bf",
    "https://deno.land/x/mongo@v0.31.1/src/utils/saslprep/memory_pager.ts": "f55a79a13ec569c21630c3915a9af0c6fc0aa2b899121fa2a85a813c6dd4afba",
    "https://deno.land/x/mongo@v0.31.1/src/utils/saslprep/mod.ts": "0a8a39a0784d065a79c54ce63d7d7b103d0b94addc5b7bcf985517ba2442c8a1",
    "https://deno.land/x/mongo@v0.31.1/src/utils/saslprep/sparse_bitfield.ts": "07d6fe2ecd4ba5f711c44c1ae409bb9c1fe3a3cfc09e27434d231d4aae46dd2d",
    "https://deno.land/x/mongo@v0.31.1/src/utils/srv.ts": "ed5f78ffe6480faac68291a87e51e3674eff5f28aec937ee97248e99e1317b16",
    "https://deno.land/x/mongo@v0.31.1/src/utils/uri.ts": "dcfab8e1dcfcc875c75ada1d9f366664480c03b65594990d6342ed88925452e5",
    "https://deno.land/x/oson@1.0.1/constructors.ts": "2b77dcdc8d8db5ece2860d1657f4dcef37dd761684f1d4b9535c7e56a0fbfcf6",
    "https://deno.land/x/oson@1.0.1/mod.ts": "54e494dc517ce0de6c727c25d9731ccc748e8646c883e922dc5d656f523a4e5b",
    "https://deno.land/x/oson@1.0.1/oson.ts": "ec3908ae5c9ceff7bfd869d95a2183b929b9d96fbff44b57d28d3b742d06a4a1",
    "https://deno.land/x/web_bson@v0.2.5/deps.ts": "b113dd66321c328ae90b7cf8f0f6b37ea472f6f5a5a0553f0c7dfd89538d2748",
    "https://deno.land/x/web_bson@v0.2.5/mod.ts": "a2b58ed2e1748e6faa56fbe6caf0e1937f4e77de15376cad920aea655b17bcf3",
    "https://deno.land/x/web_bson@v0.2.5/src/binary.ts": "2bd89fca666d06b12e4da7ae2aae2b87e495666e002011ceef4fd3e228ea3018",
    "https://deno.land/x/web_bson@v0.2.5/src/bson.ts": "608b1b8e1b9a2abcb2d3b601b63e2731608a2ee0941e801a08c1328a37ff0751",
    "https://deno.land/x/web_bson@v0.2.5/src/code.ts": "ad713ab49d2c9028fa798630ccdf345a9a2fbaa468c9bd0c3df3f411c3679bd1",
    "https://deno.land/x/web_bson@v0.2.5/src/constants.ts": "906fb45165e2df04332ffeb6a407b39d257b76ad64667ecfe4848bfc64934a5e",
    "https://deno.land/x/web_bson@v0.2.5/src/db_ref.ts": "2b29a4b74fde79d25322f31f8b98a908270468fa84af7ebd72c1e45b436b9fe2",
    "https://deno.land/x/web_bson@v0.2.5/src/decimal128.ts": "f0377c29b255ec423d4b491675dfb83410d5e92a9fcca9bcd63bfd757489b05d",
    "https://deno.land/x/web_bson@v0.2.5/src/double.ts": "9df7baf7cdb2d8ef50a141a373c755cabebeb5a5da6c2f551e5377064ccf2aa9",
    "https://deno.land/x/web_bson@v0.2.5/src/error.ts": "d7aa0d57de5c6dc137402fc97219b6e136fc2dcddef90f031bdeb52181cc5275",
    "https://deno.land/x/web_bson@v0.2.5/src/extended_json.ts": "98f57fba581712e49060ed5d495c3d1b8be557dc61b11588ba79882faad4b289",
    "https://deno.land/x/web_bson@v0.2.5/src/float_parser.ts": "bffe91eae89d9d177a88d795981681ecf05850facfb92da93901576a268235cd",
    "https://deno.land/x/web_bson@v0.2.5/src/int_32.ts": "8ac60fd82c34b62645f60b2eb45238391a3e0994980dced75b31f97058cbb3b4",
    "https://deno.land/x/web_bson@v0.2.5/src/long.ts": "efffd2eb49afd7161452f8f3533d46aad78c9af6b07f6474c8c937a1b53c5d19",
    "https://deno.land/x/web_bson@v0.2.5/src/max_key.ts": "8016a701657be73fd4d3b80c746084ba18322bb39bdc4e78e35f0e2f21be2a70",
    "https://deno.land/x/web_bson@v0.2.5/src/min_key.ts": "19691f520868996bd2fc96bf26037badf6d32f8702c035e0d8531b549ef9854c",
    "https://deno.land/x/web_bson@v0.2.5/src/objectid.ts": "afc51f3bf9d566fa474c96a8ec0362951ff962a4b8c7ecde51e4537fe95be089",
    "https://deno.land/x/web_bson@v0.2.5/src/parser/calculate_size.ts": "ca1e81c793860c9200a3c6cfec220539524f81acca0d76738426bbf8ef857950",
    "https://deno.land/x/web_bson@v0.2.5/src/parser/deserializer.ts": "40d154d44f80250dfef0121c1c1a997220a38d08c0fc369247f573ef83649802",
    "https://deno.land/x/web_bson@v0.2.5/src/parser/serializer.ts": "fdea917596143694eda0059b0f72fdbe72ade0591c6ba4b4e8f82958ab35c37d",
    "https://deno.land/x/web_bson@v0.2.5/src/parser/utils.ts": "7bfe19aaf71164d8326f82c1e01dabe6140c18939f4bd8961380495a7c76f57f",
    "https://deno.land/x/web_bson@v0.2.5/src/regexp.ts": "1e287a7ada20a0a4b625bf3c191295db149bfefac6beb707fe52d0232c612265",
    "https://deno.land/x/web_bson@v0.2.5/src/symbol.ts": "b727698ed367d426b32f068c067ccd43a458347589715dd329b82caf10b9cf32",
    "https://deno.land/x/web_bson@v0.2.5/src/timestamp.ts": "49bba69e2a26cfea5870b69c739cbfce64814b21682ed3161105737f3d97ef66",
    "https://deno.land/x/web_bson@v0.2.5/src/uuid.ts": "c8c51a946dc8c1d6a15370d50de2247f4fbf69ce1c413ae29c8e211738ec0efc",
    "https://deno.land/x/web_bson@v0.2.5/src/uuid_utils.ts": "322cbea409a32cfdbffcae854b91bb30b80730741e032b98f5d6868ad63bc07d",
    "https://deno.land/x/web_bson@v0.2.5/src/validate_utf8.ts": "b7f4d723c379fb66aa84e148bb59f78f4e1c96847e28c38ee7f9f3bf35703ae4",
    "https://deno.land/x/web_bson@v0.2.5/utils.ts": "4c51c0be4bbb77c1e547eeef9b5aa53ffa611f628684875375103f627649ceb1",
    "https://esm.sh/@grammyjs/types@2.11.0": "cc951d07d71ac9c0bc36d863d62dfe06c5220e369725d6259cd3692d34719002",
    "https://esm.sh/v106/@grammyjs/types@2.11.0/api.d.ts": "efc90a31eb6f59ae5e7a4cf5838f46529e2fa6fa7e97a51a82dbd28afad21592",
    "https://esm.sh/v106/@grammyjs/types@2.11.0/deno/types.js": "6248abe4ced93405b5940a318b0bf528a170511b79aa910608f78ab5635c618c",
    "https://esm.sh/v106/@grammyjs/types@2.11.0/index.d.ts": "1c60004dec6270d9badd5ed195dbd6d4ddd00fa701acfeea922ed9f4861576a4",
    "https://esm.sh/v106/@grammyjs/types@2.11.0/inline.d.ts": "573b2790679c5c0910847a60064ae85c6f6007bfa139e3f611dd917f9c54399b",
    "https://esm.sh/v106/@grammyjs/types@2.11.0/manage.d.ts": "edc977884c514c92269f3b77ba29ac779488e0c2c067c5feab4c1f4c73e7b10a",
    "https://esm.sh/v106/@grammyjs/types@2.11.0/markup.d.ts": "6e93aa3248bbe33ff0816a0d243e8ed8623f8ba464dddece83b1e52372c43713",
    "https://esm.sh/v106/@grammyjs/types@2.11.0/menu-button.d.ts": "096e03dadaf3af415c48c14cb91380769df01dcccbb0931575bf5f15a5df5cd7",
    "https://esm.sh/v106/@grammyjs/types@2.11.0/message.d.ts": "d4c4e4fee7f12d9b0900141a9f6cbd64fd7411669a1ec7aecb403a6ae213092b",
    "https://esm.sh/v106/@grammyjs/types@2.11.0/passport.d.ts": "e3fb63aec96510bcc317ef48fd25b435444b8f407502d7568c00fce15f2958fd",
    "https://esm.sh/v106/@grammyjs/types@2.11.0/payment.d.ts": "410c384a26d24252219713adeb0c360d5d038102ab9d1a6e9aad20b603830d0c",
    "https://esm.sh/v106/@grammyjs/types@2.11.0/proxied.d.ts": "b0f1cecbe9f872bb30cd3047ceb1b832851da67967aa2413912524aa3ea557b5",
    "https://esm.sh/v106/@grammyjs/types@2.11.0/update.d.ts": "cbf3c6984a4783ea3a5c193334aa76953988dd25a60b69544f547a71b362199d"
  }
}
