{
  "version": "2",
  "remote": {
    "https://cdn.skypack.dev/-/debug@v4.3.4-o4liVvMlOnQWbLSYZMXw/dist=es2019,mode=imports/optimized/debug.js": "671100993996e39b501301a87000607916d4d2d9f8fc8e9c5200ae5ba64a1389",
    "https://cdn.skypack.dev/-/ms@v2.1.2-giBDZ1IA5lmQ3ZXaa87V/dist=es2019,mode=imports/optimized/ms.js": "fd88e2d51900437011f1ad232f3393ce97db1b87a7844b3c58dd6d65562c1276",
    "https://cdn.skypack.dev/debug@4.3.4": "7b1d010cc930f71b940ba5941da055bc181115229e29de7214bdb4425c68ea76",
    "https://deno.land/std@0.144.0/_util/assert.ts": "e94f2eb37cebd7f199952e242c77654e43333c1ac4c5c700e929ea3aa5489f74",
    "https://deno.land/std@0.144.0/_util/os.ts": "3b4c6e27febd119d36a416d7a97bd3b0251b77c88942c8f16ee5953ea13e2e49",
    "https://deno.land/std@0.144.0/_wasm_crypto/lib/deno_std_wasm_crypto.generated.mjs": "c60059ba858232d1a9dcfc944bf2ccb766f640094613ab21e6fcb11ef24a8e49",
    "https://deno.land/std@0.144.0/_wasm_crypto/mod.ts": "6c60d332716147ded0eece0861780678d51b560f533b27db2e15c64a4ef83665",
    "https://deno.land/std@0.144.0/async/deferred.ts": "bc18e28108252c9f67dfca2bbc4587c3cbf3aeb6e155f8c864ca8ecff992b98a",
    "https://deno.land/std@0.144.0/bytes/bytes_list.ts": "aba5e2369e77d426b10af1de0dcc4531acecec27f9b9056f4f7bfbf8ac147ab4",
    "https://deno.land/std@0.144.0/bytes/equals.ts": "3c3558c3ae85526f84510aa2b48ab2ad7bdd899e2e0f5b7a8ffc85acb3a6043a",
    "https://deno.land/std@0.144.0/bytes/mod.ts": "763f97d33051cc3f28af1a688dfe2830841192a9fea0cbaa55f927b49d49d0bf",
    "https://deno.land/std@0.144.0/crypto/_fnv/fnv32.ts": "aa9bddead8c6345087d3abd4ef35fb9655622afc333fc41fff382b36e64280b5",
    "https://deno.land/std@0.144.0/crypto/_fnv/fnv64.ts": "625d7e7505b6cb2e9801b5fd6ed0a89256bac12b2bbb3e4664b85a88b0ec5bef",
    "https://deno.land/std@0.144.0/crypto/_fnv/index.ts": "a8f6a361b4c6d54e5e89c16098f99b6962a1dd6ad1307dbc97fa1ecac5d7060a",
    "https://deno.land/std@0.144.0/crypto/_fnv/util.ts": "4848313bed7f00f55be3cb080aa0583fc007812ba965b03e4009665bde614ce3",
    "https://deno.land/std@0.144.0/crypto/mod.ts": "037fc8712e6a0f4346957c1257e2befe3668c4ec2e89c3278859bfbe3047df76",
    "https://deno.land/std@0.144.0/encoding/base64.ts": "c8c16b4adaa60d7a8eee047c73ece26844435e8f7f1328d74593dbb2dd58ea4f",
    "https://deno.land/std@0.144.0/encoding/hex.ts": "7f023e1e51cfd6b189682e602e8640939e7be71a300a2fcf3daf8f84dc609bbc",
    "https://deno.land/std@0.144.0/fmt/colors.ts": "6f9340b7fb8cc25a993a99e5efc56fe81bb5af284ff412129dd06df06f53c0b4",
    "https://deno.land/std@0.144.0/io/buffer.ts": "bd0c4bf53db4b4be916ca5963e454bddfd3fcd45039041ea161dbf826817822b",
    "https://deno.land/std@0.144.0/io/files.ts": "d199ef64e918a256320ba8d8d44ae91de87c9077df8f8d6cca013f1b9fbbe285",
    "https://deno.land/std@0.144.0/io/mod.ts": "83426d8049476fa080a120115a791152b34afbaf35848271481bb70215aa489f",
    "https://deno.land/std@0.144.0/io/readers.ts": "45847ad404afd2f605eae1cff193f223462bc55eeb9ae313c2f3db28aada0fd6",
    "https://deno.land/std@0.144.0/io/streams.ts": "988a19155b52161f0035ce539e2f1d12edbc4c389fa7633da832a64e6edbe1a0",
    "https://deno.land/std@0.144.0/io/types.d.ts": "0cae3a62da7a37043661746c65c021058bae020b54e50c0e774916e5d4baee43",
    "https://deno.land/std@0.144.0/io/util.ts": "078da53bba767bec0d45f7da44411f6dbf269e51ef7fcfea5e3714e04681c674",
    "https://deno.land/std@0.144.0/io/writers.ts": "3898e3babc1cf4f2bafd9f0fcf1324c25c7ec3675ae43e85b8cba9db28c1e468",
    "https://deno.land/std@0.144.0/path/_constants.ts": "df1db3ffa6dd6d1252cc9617e5d72165cd2483df90e93833e13580687b6083c3",
    "https://deno.land/std@0.144.0/path/_interface.ts": "ee3b431a336b80cf445441109d089b70d87d5e248f4f90ff906820889ecf8d09",
    "https://deno.land/std@0.144.0/path/_util.ts": "c1e9686d0164e29f7d880b2158971d805b6e0efc3110d0b3e24e4b8af2190d2b",
    "https://deno.land/std@0.144.0/path/common.ts": "bee563630abd2d97f99d83c96c2fa0cca7cee103e8cb4e7699ec4d5db7bd2633",
    "https://deno.land/std@0.144.0/path/glob.ts": "cb5255638de1048973c3e69e420c77dc04f75755524cb3b2e160fe9277d939ee",
    "https://deno.land/std@0.144.0/path/mod.ts": "4945b430b759b0b3d98f2a278542cbcf95e0ad2bd8eaaed3c67322b306b2b346",
    "https://deno.land/std@0.144.0/path/posix.ts": "293cdaec3ecccec0a9cc2b534302dfe308adb6f10861fa183275d6695faace44",
    "https://deno.land/std@0.144.0/path/separator.ts": "fe1816cb765a8068afb3e8f13ad272351c85cbc739af56dacfc7d93d710fe0f9",
    "https://deno.land/std@0.144.0/path/win32.ts": "31811536855e19ba37a999cd8d1b62078235548d67902ece4aa6b814596dd757",
    "https://deno.land/std@0.144.0/streams/buffer.ts": "ee47194022d47fa23d4749b8afbadc83c237c4595467a9bddb322af0dd205815",
    "https://deno.land/std@0.144.0/streams/conversion.ts": "fc3db02026183da795fa32ac7549868e9f19c75ba029d4b4c3739af62b48517a",
    "https://deno.land/std@0.144.0/streams/delimiter.ts": "81574a35e433d3b392887118d02fce12fec611fe3ff6b8f3d3758d141b7201e9",
    "https://deno.land/std@0.144.0/streams/merge.ts": "88ed3dfa030ae076802688e4cadd762a251a41d81ed1776dfd9a2a9a0e970195",
    "https://deno.land/std@0.144.0/streams/mod.ts": "d7d8fa97f79bca052eba8b6df9c4602403d144cf97ec9f6d0896c787dae0a9de",
    "https://deno.land/std@0.144.0/testing/_diff.ts": "029a00560b0d534bc0046f1bce4bd36b3b41ada3f2a3178c85686eb2ff5f1413",
    "https://deno.land/std@0.144.0/testing/_format.ts": "0d8dc79eab15b67cdc532826213bbe05bccfd276ca473a50a3fc7bbfb7260642",
    "https://deno.land/std@0.144.0/testing/asserts.ts": "319df43e1e6bba2520508f6090a21a9a640cbe2754d255aee17cd1dfa78c2ff6",
    "https://deno.land/std@0.153.0/_util/assert.ts": "e94f2eb37cebd7f199952e242c77654e43333c1ac4c5c700e929ea3aa5489f74",
    "https://deno.land/std@0.153.0/_util/os.ts": "3b4c6e27febd119d36a416d7a97bd3b0251b77c88942c8f16ee5953ea13e2e49",
    "https://deno.land/std@0.153.0/async/deferred.ts": "c01de44b9192359cebd3fe93273fcebf9e95110bf3360023917da9a2d1489fae",
    "https://deno.land/std@0.153.0/bytes/bytes_list.ts": "aba5e2369e77d426b10af1de0dcc4531acecec27f9b9056f4f7bfbf8ac147ab4",
    "https://deno.land/std@0.153.0/bytes/equals.ts": "3c3558c3ae85526f84510aa2b48ab2ad7bdd899e2e0f5b7a8ffc85acb3a6043a",
    "https://deno.land/std@0.153.0/bytes/mod.ts": "763f97d33051cc3f28af1a688dfe2830841192a9fea0cbaa55f927b49d49d0bf",
    "https://deno.land/std@0.153.0/fmt/colors.ts": "ff7dc9c9f33a72bd48bc24b21bbc1b4545d8494a431f17894dbc5fe92a938fc4",
    "https://deno.land/std@0.153.0/io/buffer.ts": "8232dcd8c4c7f14b95f28444454ad63750267be23e0fd7f88320c68b0f87a3b5",
    "https://deno.land/std@0.153.0/io/types.d.ts": "0cae3a62da7a37043661746c65c021058bae020b54e50c0e774916e5d4baee43",
    "https://deno.land/std@0.153.0/path/_constants.ts": "df1db3ffa6dd6d1252cc9617e5d72165cd2483df90e93833e13580687b6083c3",
    "https://deno.land/std@0.153.0/path/_interface.ts": "ee3b431a336b80cf445441109d089b70d87d5e248f4f90ff906820889ecf8d09",
    "https://deno.land/std@0.153.0/path/_util.ts": "d16be2a16e1204b65f9d0dfc54a9bc472cafe5f4a190b3c8471ec2016ccd1677",
    "https://deno.land/std@0.153.0/path/common.ts": "bee563630abd2d97f99d83c96c2fa0cca7cee103e8cb4e7699ec4d5db7bd2633",
    "https://deno.land/std@0.153.0/path/glob.ts": "cb5255638de1048973c3e69e420c77dc04f75755524cb3b2e160fe9277d939ee",
    "https://deno.land/std@0.153.0/path/mod.ts": "56fec03ad0ebd61b6ab39ddb9b0ddb4c4a5c9f2f4f632e09dd37ec9ebfd722ac",
    "https://deno.land/std@0.153.0/path/posix.ts": "c1f7afe274290ea0b51da07ee205653b2964bd74909a82deb07b69a6cc383aaa",
    "https://deno.land/std@0.153.0/path/separator.ts": "fe1816cb765a8068afb3e8f13ad272351c85cbc739af56dacfc7d93d710fe0f9",
    "https://deno.land/std@0.153.0/path/win32.ts": "bd7549042e37879c68ff2f8576a25950abbfca1d696d41d82c7bca0b7e6f452c",
    "https://deno.land/std@0.153.0/streams/buffer.ts": "c9aef91ccb7d23555b1d942d39eeca2546879ddfa19de450e9765d9e7069dce1",
    "https://deno.land/std@0.153.0/streams/conversion.ts": "fc4eb76a14148c43f0b85e903a5a1526391aa40ed9434dc21e34f88304eb823e",
    "https://deno.land/std@0.153.0/streams/delimiter.ts": "4c568cdbdc71a8563f8e3b032ec0bbd52992fc4a1cf257baa00cf6b4f7034bd4",
    "https://deno.land/std@0.153.0/streams/merge.ts": "88ed3dfa030ae076802688e4cadd762a251a41d81ed1776dfd9a2a9a0e970195",
    "https://deno.land/std@0.153.0/streams/mod.ts": "f402791689d74bd091ecf8f4015bc5b7d5c18132a55c7c72fe0576d1fb254cf9",
    "https://deno.land/std@0.154.0/_util/assert.ts": "e94f2eb37cebd7f199952e242c77654e43333c1ac4c5c700e929ea3aa5489f74",
    "https://deno.land/std@0.154.0/_util/os.ts": "3b4c6e27febd119d36a416d7a97bd3b0251b77c88942c8f16ee5953ea13e2e49",
    "https://deno.land/std@0.154.0/dotenv/mod.ts": "3ad3c1caddb82bf9413686e8cfe24272b77089bc15e8840bdeccad4655e3a8db",
    "https://deno.land/std@0.154.0/dotenv/util.ts": "6cc392f087577a26a27f0463f77cc0c31a390aa055917099935b36eb2454592d",
    "https://deno.land/std@0.154.0/path/_constants.ts": "df1db3ffa6dd6d1252cc9617e5d72165cd2483df90e93833e13580687b6083c3",
    "https://deno.land/std@0.154.0/path/_interface.ts": "ee3b431a336b80cf445441109d089b70d87d5e248f4f90ff906820889ecf8d09",
    "https://deno.land/std@0.154.0/path/_util.ts": "d16be2a16e1204b65f9d0dfc54a9bc472cafe5f4a190b3c8471ec2016ccd1677",
    "https://deno.land/std@0.154.0/path/common.ts": "bee563630abd2d97f99d83c96c2fa0cca7cee103e8cb4e7699ec4d5db7bd2633",
    "https://deno.land/std@0.154.0/path/glob.ts": "cb5255638de1048973c3e69e420c77dc04f75755524cb3b2e160fe9277d939ee",
    "https://deno.land/std@0.154.0/path/mod.ts": "56fec03ad0ebd61b6ab39ddb9b0ddb4c4a5c9f2f4f632e09dd37ec9ebfd722ac",
    "https://deno.land/std@0.154.0/path/posix.ts": "c1f7afe274290ea0b51da07ee205653b2964bd74909a82deb07b69a6cc383aaa",
    "https://deno.land/std@0.154.0/path/separator.ts": "fe1816cb765a8068afb3e8f13ad272351c85cbc739af56dacfc7d93d710fe0f9",
    "https://deno.land/std@0.154.0/path/win32.ts": "bd7549042e37879c68ff2f8576a25950abbfca1d696d41d82c7bca0b7e6f452c",
    "https://deno.land/std@0.162.0/_util/assert.ts": "e94f2eb37cebd7f199952e242c77654e43333c1ac4c5c700e929ea3aa5489f74",
    "https://deno.land/std@0.162.0/_util/os.ts": "8a33345f74990e627b9dfe2de9b040004b08ea5146c7c9e8fe9a29070d193934",
    "https://deno.land/std@0.162.0/async/deferred.ts": "d8fb253ffde2a056e4889ef7e90f3928f28be9f9294b6505773d33f136aab4e6",
    "https://deno.land/std@0.162.0/bytes/bytes_list.ts": "aba5e2369e77d426b10af1de0dcc4531acecec27f9b9056f4f7bfbf8ac147ab4",
    "https://deno.land/std@0.162.0/bytes/equals.ts": "3c3558c3ae85526f84510aa2b48ab2ad7bdd899e2e0f5b7a8ffc85acb3a6043a",
    "https://deno.land/std@0.162.0/bytes/mod.ts": "b2e342fd3669176a27a4e15061e9d588b89c1aaf5008ab71766e23669565d179",
    "https://deno.land/std@0.162.0/io/buffer.ts": "fae02290f52301c4e0188670e730cd902f9307fb732d79c4aa14ebdc82497289",
    "https://deno.land/std@0.162.0/io/types.d.ts": "107e1e64834c5ba917c783f446b407d33432c5d612c4b3430df64fc2b4ecf091",
    "https://deno.land/std@0.162.0/path/_constants.ts": "df1db3ffa6dd6d1252cc9617e5d72165cd2483df90e93833e13580687b6083c3",
    "https://deno.land/std@0.162.0/path/_interface.ts": "ee3b431a336b80cf445441109d089b70d87d5e248f4f90ff906820889ecf8d09",
    "https://deno.land/std@0.162.0/path/_util.ts": "d16be2a16e1204b65f9d0dfc54a9bc472cafe5f4a190b3c8471ec2016ccd1677",
    "https://deno.land/std@0.162.0/path/common.ts": "bee563630abd2d97f99d83c96c2fa0cca7cee103e8cb4e7699ec4d5db7bd2633",
    "https://deno.land/std@0.162.0/path/glob.ts": "cb5255638de1048973c3e69e420c77dc04f75755524cb3b2e160fe9277d939ee",
    "https://deno.land/std@0.162.0/path/mod.ts": "56fec03ad0ebd61b6ab39ddb9b0ddb4c4a5c9f2f4f632e09dd37ec9ebfd722ac",
    "https://deno.land/std@0.162.0/path/posix.ts": "6b63de7097e68c8663c84ccedc0fd977656eb134432d818ecd3a4e122638ac24",
    "https://deno.land/std@0.162.0/path/separator.ts": "fe1816cb765a8068afb3e8f13ad272351c85cbc739af56dacfc7d93d710fe0f9",
    "https://deno.land/std@0.162.0/path/win32.ts": "ee8826dce087d31c5c81cd414714e677eb68febc40308de87a2ce4b40e10fb8d",
    "https://deno.land/std@0.162.0/streams/buffer.ts": "357d725e1c13ee48af5e5da50ef8811ac8b12926d477ec0e3b40fed6d8d83dd2",
    "https://deno.land/std@0.162.0/streams/conversion.ts": "555c6c249f3acf85655f2d0af52d1cb3168e40b1c1fa26beefea501b333abe28",
    "https://deno.land/std@0.162.0/streams/delimiter.ts": "e18febbded53df275a897fac9249a6d0a6a5efc943256ad0f6cb23bf4d757668",
    "https://deno.land/std@0.162.0/streams/merge.ts": "88ed3dfa030ae076802688e4cadd762a251a41d81ed1776dfd9a2a9a0e970195",
    "https://deno.land/std@0.162.0/streams/mod.ts": "f402791689d74bd091ecf8f4015bc5b7d5c18132a55c7c72fe0576d1fb254cf9",
    "https://deno.land/x/better_fluent@v1.0.0/deps.ts": "67584771abdd974d1477747cb30405b0bc69c239fb343ee592dc63cd8caf4d42",
    "https://deno.land/x/better_fluent@v1.0.0/fluent.ts": "cd813e2fa2ab869bbdbe1f0e3949395359862eee8dd31c4a73466e59d8620460",
    "https://deno.land/x/better_fluent@v1.0.0/mod.ts": "33bf480851153653c43c053fcac387825e176849d6b3c3655af9b0d125c1bf91",
    "https://deno.land/x/better_fluent@v1.0.0/warnings/logging_warning_handler.ts": "fb7da813d1c2855aeeefab0aa819318caac132eb7854ab3268ef7c71f72b7b5a",
    "https://deno.land/x/better_fluent@v1.0.0/warnings/warnings.ts": "b3a653b11ef8a7e9d648bb689b76a9c583c9170b96dbafb49d4c0752f4af7252",
    "https://deno.land/x/deno_cron@v1.0.0/cron.ts": "7f984d0c4c7ac4fb1ad3cd241d457e7808a9362735d910abb02dc689883ee3ef",
    "https://deno.land/x/envalid@0.1.2/core.ts": "9cb1b469919af72d3ad8576f952c8b695e9b5356878d84f15db9328b7afab2d5",
    "https://deno.land/x/envalid@0.1.2/envalid.ts": "76755815e2643aacbe604e3cd76415f0f4c8cc04d7cdbae0ab05a0ebc86ceb38",
    "https://deno.land/x/envalid@0.1.2/errors.ts": "8524f99ff929abe5c9fa07c250cafb15e564d5339ae8fdfabd6d56fab9ec7e00",
    "https://deno.land/x/envalid@0.1.2/middleware.ts": "c7a88e1dce3f280471844c36080a346ac3aadc4420b3fbff92807d21f3aec1e2",
    "https://deno.land/x/envalid@0.1.2/mod.ts": "c82f8e49cf6b008478a11275bbc9c55a4f900a2010fb4d0882cfba6f914eaa1c",
    "https://deno.land/x/envalid@0.1.2/reporter.ts": "5affd2863a25cca71e7f249504f0670112e5e1742dd8a3977764e45fa5957dcc",
    "https://deno.land/x/envalid@0.1.2/types.ts": "3c8630c015922739c8e0c3638dd446bbaf627ecccfb9b21329dbd0af82c4236d",
    "https://deno.land/x/envalid@0.1.2/validators.ts": "9252d4a0a70a7c1895be7813596a562cd8b105756f7cbbd8e49caf1bf4998453",
    "https://deno.land/x/fluent@v0.0.0/bundle/ast.ts": "5b6c57e6115ca4497fc15be9a854053c0700cbadb680956b8719d6e40eacc759",
    "https://deno.land/x/fluent@v0.0.0/bundle/builtins.ts": "e3d0d37806ca352fbb5fd769862cf3322bbca0f9e74728fdf65899e60c44bfe3",
    "https://deno.land/x/fluent@v0.0.0/bundle/bundle.ts": "3550bd2586e1ab5030d1f3b5c5eeaa63ec5fe7d883620d42ef9ead1cc5f583e9",
    "https://deno.land/x/fluent@v0.0.0/bundle/memoizer.ts": "145e4d64156bca1f7fac51ca47eb31e15b0b31304ba4c8a1fe05e95a8ca85a96",
    "https://deno.land/x/fluent@v0.0.0/bundle/mod.ts": "953d78728d3137d7fd60dc809d24f9ca4f3eb45dba617ecb6c664d05a54d74f7",
    "https://deno.land/x/fluent@v0.0.0/bundle/resolver.ts": "58b782f2cdab6c01765f85eca88afff5272597fd0b854a96d06e73961f27a985",
    "https://deno.land/x/fluent@v0.0.0/bundle/resource.ts": "bc57adeacaef31b63e046a4271fdf98ac6dc5e26b330d5867bc820dc5a33c31d",
    "https://deno.land/x/fluent@v0.0.0/bundle/scope.ts": "a609fe78d6d8f251299cdaf0a7a111bc7f92cc0ba376dd235b4b193c43724559",
    "https://deno.land/x/fluent@v0.0.0/bundle/types.ts": "3d7f390a4e5338b841251e1714f7e2a7e16200e860795087cbee787759a7ba9f",
    "https://deno.land/x/fluent@v0.0.0/langneg/accepted_languages.ts": "696c8790f6692fa01440719101ace34f6d6d1ecf723fdd61199bcc4f661dbb4e",
    "https://deno.land/x/fluent@v0.0.0/langneg/locale.ts": "d00f3238bc12076c37168cc1f5cbc3bb25a3dd062cc5e6c236d3e436275721c6",
    "https://deno.land/x/fluent@v0.0.0/langneg/matches.ts": "457c6a6386e9d0f7c0d8939e8f3ef37121655bef98b10652e668455039e71cc4",
    "https://deno.land/x/fluent@v0.0.0/langneg/mod.ts": "fc52dbc031252097c7d6d49a3718ad7952e53b505c79457ab6b117bafbfd7781",
    "https://deno.land/x/fluent@v0.0.0/langneg/negotiate_languages.ts": "3e88a33731910cc1c375292b1fe8d8752d730d1d7408ba71ccb9958656be6047",
    "https://deno.land/x/grammy@v1.11.1/bot.ts": "6e4ceacfa6febe7262bb3792f2889189e859d79f9e5835f2297f703ed230ebc9",
    "https://deno.land/x/grammy@v1.11.1/composer.ts": "1d2e164f9934466553d7f9bf9bf2fe65a1f453b7f7ce3cf57066d87382c6dac2",
    "https://deno.land/x/grammy@v1.11.1/context.ts": "7ee009503d59becd5f9bf876c0bb2bd2d5700167b8cef53153c9ce6d758a4192",
    "https://deno.land/x/grammy@v1.11.1/convenience/frameworks.deno.ts": "dfa1c824ce3c06447cc0d714210db77e87502fb45879662c36a721a603109b9f",
    "https://deno.land/x/grammy@v1.11.1/convenience/frameworks.shared.ts": "b59c24178da1fd0a126dca331dae4a04dfaed1d5604485cb9ca14a36bf0fa106",
    "https://deno.land/x/grammy@v1.11.1/convenience/keyboard.ts": "e3535432bcc35b00f991e08f8707a6ad330f9c851fd189832d163c0c39862171",
    "https://deno.land/x/grammy@v1.11.1/convenience/session.ts": "bb2d08d94d892336f29e1db07ac7adf2c865a7b3c4a4140c06c3cb64659dbcb1",
    "https://deno.land/x/grammy@v1.11.1/convenience/webhook.ts": "805aa953f4626aff7b84fde156dff2ea3cc166d674f2d844a8ab2adad1a03589",
    "https://deno.land/x/grammy@v1.11.1/core/api.ts": "38900a5ba51d8b091b78d14b076e2124268e109aac3cf84f6f097485deb19d0d",
    "https://deno.land/x/grammy@v1.11.1/core/client.ts": "8914f13b2cb69f16104a9711e4fea0a4500edd0950736dcc3ac078ab46f7a5ab",
    "https://deno.land/x/grammy@v1.11.1/core/error.ts": "4638b2127ebe60249c78b83011d468f5e1e1a87748d32fe11a8200d9f824ad13",
    "https://deno.land/x/grammy@v1.11.1/core/payload.ts": "bed2e44fb567259ee2cab70a7734544c90fae80cb937b354ee1427d0f0883b39",
    "https://deno.land/x/grammy@v1.11.1/filter.ts": "75a175dba125a6bfd9dd4b627007d46dd3b50a4f2ba52a5f5e93ea38d86edc05",
    "https://deno.land/x/grammy@v1.11.1/mod.ts": "6d96b0c7b4c8b9448b9f9903a95a78c3379febd36b0f6485ad567d79b153c794",
    "https://deno.land/x/grammy@v1.11.1/platform.deno.ts": "f9bc3139c122d4b3ae5be494e76406042e8fb215274ff0d0e5366b7d12002401",
    "https://deno.land/x/grammy@v1.11.1/types.deno.ts": "d83e6791e555899c33e33e78af83e92c098e54890044499790ae50c0cb73ac6c",
    "https://deno.land/x/grammy@v1.11.1/types.ts": "729415590dfa188dbe924dea614dff4e976babdbabb28a307b869fc25777cdf0",
    "https://deno.land/x/grammy@v1.12.0/bot.ts": "6e4ceacfa6febe7262bb3792f2889189e859d79f9e5835f2297f703ed230ebc9",
    "https://deno.land/x/grammy@v1.12.0/composer.ts": "1d2e164f9934466553d7f9bf9bf2fe65a1f453b7f7ce3cf57066d87382c6dac2",
    "https://deno.land/x/grammy@v1.12.0/context.ts": "eaf9ab22ef40d0244c4ca52d781e272dc84cac39dd3b4fe9874f6e3cb16a745b",
    "https://deno.land/x/grammy@v1.12.0/convenience/frameworks.deno.ts": "dfa1c824ce3c06447cc0d714210db77e87502fb45879662c36a721a603109b9f",
    "https://deno.land/x/grammy@v1.12.0/convenience/frameworks.shared.ts": "b59c24178da1fd0a126dca331dae4a04dfaed1d5604485cb9ca14a36bf0fa106",
    "https://deno.land/x/grammy@v1.12.0/convenience/keyboard.ts": "e3535432bcc35b00f991e08f8707a6ad330f9c851fd189832d163c0c39862171",
    "https://deno.land/x/grammy@v1.12.0/convenience/session.ts": "07fc0c64650d87cfe20de95c3261b9edf3ff46c65a7b86d98c3e0ce001220722",
    "https://deno.land/x/grammy@v1.12.0/convenience/webhook.ts": "805aa953f4626aff7b84fde156dff2ea3cc166d674f2d844a8ab2adad1a03589",
    "https://deno.land/x/grammy@v1.12.0/core/api.ts": "9484ae98c2bfa750388f0ccf6226b744b058ba048f3c0868e256b277ac8a028a",
    "https://deno.land/x/grammy@v1.12.0/core/client.ts": "8914f13b2cb69f16104a9711e4fea0a4500edd0950736dcc3ac078ab46f7a5ab",
    "https://deno.land/x/grammy@v1.12.0/core/error.ts": "4638b2127ebe60249c78b83011d468f5e1e1a87748d32fe11a8200d9f824ad13",
    "https://deno.land/x/grammy@v1.12.0/core/payload.ts": "bed2e44fb567259ee2cab70a7734544c90fae80cb937b354ee1427d0f0883b39",
    "https://deno.land/x/grammy@v1.12.0/filter.ts": "8fa7186db9c1eb84f0138ab9984e723d2ea76dac9bcb6889268c92c9a8fc2e8c",
    "https://deno.land/x/grammy@v1.12.0/mod.ts": "6d96b0c7b4c8b9448b9f9903a95a78c3379febd36b0f6485ad567d79b153c794",
    "https://deno.land/x/grammy@v1.12.0/platform.deno.ts": "62375602eb39a3f711e01c20e39e6af127e612f8d02c45fb7c32b37bad33210b",
    "https://deno.land/x/grammy@v1.12.0/types.deno.ts": "19214bd12cb0796083954dc00e1629fbf6fa8d495bdf7d6b66c45398c4d5f1c9",
    "https://deno.land/x/grammy@v1.12.0/types.ts": "729415590dfa188dbe924dea614dff4e976babdbabb28a307b869fc25777cdf0",
    "https://deno.land/x/grammy@v1.9.0/bot.ts": "430a6dddeb0b6e016e5f46d5422f77415601960de461d1b8c8bc1db61fe1d635",
    "https://deno.land/x/grammy@v1.9.0/composer.ts": "1c498f4fd17661d5f4ff1aacb3fa205734c5c30a72bd753fe231033a4baa92f5",
    "https://deno.land/x/grammy@v1.9.0/context.ts": "f6fecf4907adeb6e366c06955e09380579c949f2040155454065210c9f204172",
    "https://deno.land/x/grammy@v1.9.0/convenience/frameworks.deno.ts": "09b6ec045587becbdcce235f7e9880feddea61467dff1ffff2cacb99d83c5e3b",
    "https://deno.land/x/grammy@v1.9.0/convenience/keyboard.ts": "4e70185f2e41a7fafbec243d42fe5878d1e3fa40369ff2ea8c673df4fb793493",
    "https://deno.land/x/grammy@v1.9.0/convenience/session.ts": "a1574f4269f50158135a8d7c87fc16e7ed57c55753cbf50ca00dcedf526e4621",
    "https://deno.land/x/grammy@v1.9.0/convenience/webhook.ts": "1fcf9360a114e09e4b760c361689186253fe24719749cbf4d96193edbbe35b58",
    "https://deno.land/x/grammy@v1.9.0/core/api.ts": "aa9f156ec66b3c11991b65f6ad1f73ecb5b16ec9338dd0ec4794a600ea6204de",
    "https://deno.land/x/grammy@v1.9.0/core/client.ts": "fa743eeeac246c99736398d923c9aedeb610a638a3065ad7ab8db3e7298a708c",
    "https://deno.land/x/grammy@v1.9.0/core/error.ts": "7d610d12a2e4055ec11b5d167dd3bf3c3580049f2defe54951745d33643f2474",
    "https://deno.land/x/grammy@v1.9.0/core/payload.ts": "aef33315cef2477a8e32c32387adbb5e798127a492ef0a94c9b828c863b1e182",
    "https://deno.land/x/grammy@v1.9.0/filter.ts": "b7953dd1be6a78a4506285d96942bc10f6790f857a614ef1809a266244d6f913",
    "https://deno.land/x/grammy@v1.9.0/mod.ts": "8b3a70a2716aa948d9e131a3b5bf958a3d2e17e68550652c8d6c36a9dd587eee",
    "https://deno.land/x/grammy@v1.9.0/platform.deno.ts": "565d6fd59487aed363383f81051d00b3db480698ff6e839632d5640ddd833bb9",
    "https://deno.land/x/grammy_conversations@v1.0.2/conversation.ts": "ad38b36e91b8faf568d6a88aef80f9f1821daa82c26d47de36b1cac5506cb6ac",
    "https://deno.land/x/grammy_conversations@v1.0.2/deps.deno.ts": "510ed66b214aada4cd5857b5d706274df94688b13f5bfa1543f14750bccc1074",
    "https://deno.land/x/grammy_conversations@v1.0.2/form.ts": "1c369a065d5a21f087240c12366396fcbf203973ecc106159e6074486f017298",
    "https://deno.land/x/grammy_conversations@v1.0.2/mod.ts": "4234b7a353ebb6770352c8b1fcafb0de40abd764cc44ae018f10b29c3a065b50",
    "https://deno.land/x/grammy_conversations@v1.0.2/utils.ts": "2047d85e87b67a407cb791cbd0f7d6ab1f074475a039e7dbe25592748b10038e",
    "https://deno.land/x/grammy_hydrate@v1.2.0/data/callback-query.ts": "d9fc59ff1c0d939141995f2ebb451c79908984f1b0fd9e8d26e620c84a98b84d",
    "https://deno.land/x/grammy_hydrate@v1.2.0/data/chat-join-request.ts": "b81f8837e44a649bd45a122de815db5ce54eadf84733814d1220490a12076ee1",
    "https://deno.land/x/grammy_hydrate@v1.2.0/data/chosen-inline-result.ts": "f23b32d88052dc2923ce267bfcb6306b36aeade5a358950e21fd2fc9590bd90b",
    "https://deno.land/x/grammy_hydrate@v1.2.0/data/inline-message.ts": "4fd6505620cabe42d34bcc1a529137104486e9b1e4256f658328648f41b309e3",
    "https://deno.land/x/grammy_hydrate@v1.2.0/data/inline-query.ts": "7cfa592fccf15da1094ae937b0a4fcfcea3513dc3069c5b5a6e5f6196f116cff",
    "https://deno.land/x/grammy_hydrate@v1.2.0/data/message.ts": "fb6670e08d8efe1ef225614323ed8dc2c01f30253d91601b06d69c42810854f3",
    "https://deno.land/x/grammy_hydrate@v1.2.0/data/pre-checkout-query.ts": "7927272548576cb7051279ed449b4dd378b69099c40fd417117be0150e39a21f",
    "https://deno.land/x/grammy_hydrate@v1.2.0/data/shipping-query.ts": "73d665d056712dc8230a8d09b08b90d4e5a9b0220b4bb72e56a4eed90e02da27",
    "https://deno.land/x/grammy_hydrate@v1.2.0/data/update.ts": "6cd6a3e8017a6621b3bc600ed06b19042984600ca104de5c9aae55db4649c8e9",
    "https://deno.land/x/grammy_hydrate@v1.2.0/deps.deno.ts": "6397e1c644a44f3b652aa26665b76936803b4a7b31c2f99d54c7025e35b00a0d",
    "https://deno.land/x/grammy_hydrate@v1.2.0/mod.ts": "379c5f64594cd879653cdce715c318b3eed29ab26e071f356b9b61f9e3943bc3",
    "https://deno.land/x/grammy_hydrate@v1.2.0/plugin.ts": "eb64ee334fc9cfeea5664fe498d1bf824c50d83b3817ef81268507e9e9d387bc",
    "https://deno.land/x/grammy_i18n@v1.0.1/deps.ts": "a6300f8e4d3514f68687d9bfe9a16e603560d872a38606c9e731c382edf67db7",
    "https://deno.land/x/grammy_i18n@v1.0.1/i18n.ts": "17dfb05b1eb305a61198bfccf9885b8ba14f4a973c20a92d3a50cf519c424f40",
    "https://deno.land/x/grammy_i18n@v1.0.1/mod.ts": "3cfc8c6a687e8042371f53738825289cdaba33f14f325ff7d3cd688619fea7ed",
    "https://deno.land/x/grammy_i18n@v1.0.1/types.ts": "11df0b95aca754dc6815e67f4701f1e9ca60efcec4741c40d0042e957574d984",
    "https://deno.land/x/grammy_i18n@v1.0.1/utils.ts": "2a719dfa830f764d62e2d7905bed01da18a9d331203e5bdfa20d177d48a2f809",
    "https://deno.land/x/grammy_storages@v2.0.1/mongodb/src/deps.deno.ts": "7336b73eca3e17d170a578fbaa598861fa996c98b9efafb141c2c81ad94b7add",
    "https://deno.land/x/grammy_storages@v2.0.1/mongodb/src/mod.ts": "89941365d7cce50556c949027bd62c4cfd5b6fd72afe321e307afbbe156f73f8",
    "https://deno.land/x/mongo@v0.30.1/deps.ts": "3d2f64d173b8e684c15cbe5ea89f9c8a2de420706a549749efc473ad078f5ffd",
    "https://deno.land/x/mongo@v0.30.1/mod.ts": "0989f34d08c40440b8786140abdaf863e964e23df5d1a80e661d3d4170d9d21e",
    "https://deno.land/x/mongo@v0.30.1/src/auth/base.ts": "7fe14cf0a63d6bbc4ba69a000a04b3b184d26842504d94652a6af2d0c9494944",
    "https://deno.land/x/mongo@v0.30.1/src/auth/mod.ts": "b161611bd5be9e9d1b4497227c8ea93ad4daadcd98038c9e5a707bc5da7a25ca",
    "https://deno.land/x/mongo@v0.30.1/src/auth/pbkdf2.ts": "1f1db192fd37869d118ab34780b64567ebcf0ad83a03ef28b3d740cae9adb47a",
    "https://deno.land/x/mongo@v0.30.1/src/auth/scram.ts": "187db02e94e7e5423ec902e87d6839028770dca57830dca7f154dcd22a959c0f",
    "https://deno.land/x/mongo@v0.30.1/src/auth/x509.ts": "a75b27c549707dd441434ae400a3e6a24da7fe7d4e0e80c9bb79dfc6426b651e",
    "https://deno.land/x/mongo@v0.30.1/src/client.ts": "4d6113c76192f97848e1e859e911fee5cfa30b173b60861a40e08430eb87bf55",
    "https://deno.land/x/mongo@v0.30.1/src/cluster.ts": "cff69bf284a5c7fcaff231494f1ab56ca652e725e58622723e402fbb61448d0e",
    "https://deno.land/x/mongo@v0.30.1/src/collection/collection.ts": "b8227c276633d2e6425736d5f5c5d5411deed3bc7bf2fccf36e39d609d5b1cb5",
    "https://deno.land/x/mongo@v0.30.1/src/collection/commands/aggregate.ts": "440906a670adb46edb36fd95573ffa83f192775108b621520be992165910e895",
    "https://deno.land/x/mongo@v0.30.1/src/collection/commands/find.ts": "5c3b750d8c82ce08d865a381bc71f600406cbc4912c4aa689238755579fb71f8",
    "https://deno.land/x/mongo@v0.30.1/src/collection/commands/list_indexes.ts": "d32a5120305d0547497026b4f5ab2ecc2f40ff7f44c405b99c2a0287765333f5",
    "https://deno.land/x/mongo@v0.30.1/src/collection/commands/update.ts": "cf352108a5dd34f0928c2196a432383d366b8ed292676c71358b9ecf1289418d",
    "https://deno.land/x/mongo@v0.30.1/src/collection/mod.ts": "bd791a0b9b46be4365f88c54893584eadec2f8cd799db9eb05e0b5b4c8d72b8e",
    "https://deno.land/x/mongo@v0.30.1/src/database.ts": "cdf362e2bdc380252393e08f70ddef109be15e7143df1a43c78630d50006e524",
    "https://deno.land/x/mongo@v0.30.1/src/error.ts": "8180a822b0831a94a6a28815865b5b40e3996220684bea60fcb81b272ddd06eb",
    "https://deno.land/x/mongo@v0.30.1/src/gridfs/bucket.ts": "a4452d63f6928f57486a214a499b54b80b98cc0d13e3d85a6841b34d5ff12a61",
    "https://deno.land/x/mongo@v0.30.1/src/gridfs/indexes.ts": "dd1cf956380f716b9192e9d4d819c0d856b42bed99275056a336cc3ef17f34e2",
    "https://deno.land/x/mongo@v0.30.1/src/gridfs/upload.ts": "6a54a21b00c6f22ad0da6ceef7a2932dc600560f594c2551abd8e4a64976abae",
    "https://deno.land/x/mongo@v0.30.1/src/protocol/cursor.ts": "c370a28856fa236129cc2d7abf7ebc4ac6cdd60acb93e0e7371433f7332394cb",
    "https://deno.land/x/mongo@v0.30.1/src/protocol/handshake.ts": "3c3ba547d5322751b9756ce9a4750f3cf18febee0a64edca5b007634bd80e0fe",
    "https://deno.land/x/mongo@v0.30.1/src/protocol/header.ts": "0f28db842f886e57b7013606c1391affab2e2960a1a4568d2502e7b788117716",
    "https://deno.land/x/mongo@v0.30.1/src/protocol/message.ts": "b1121b98420c9a44783619c7a0b2f7bb2cb305dfc64adc3e6a9b7781f4d35a3a",
    "https://deno.land/x/mongo@v0.30.1/src/protocol/mod.ts": "4e24d563049c0a236234598ca786ca13778dc17fdb80ac543ac6c75d0c5094d7",
    "https://deno.land/x/mongo@v0.30.1/src/protocol/protocol.ts": "92568dd86e6ef3f54054113d9f5620f158fc1dfee2a7c9d13623975835d5996a",
    "https://deno.land/x/mongo@v0.30.1/src/types.ts": "aae7d0053341d26a802de9ac26a5209a67f53052bc2c13fae018396867590d4c",
    "https://deno.land/x/mongo@v0.30.1/src/types/geojson.ts": "14690e2fa1591939253ddc9de181b0664051e9462db131b72be5fb9d064dff44",
    "https://deno.land/x/mongo@v0.30.1/src/types/geospatial.ts": "c73ee13536365fa5d868b65ab47b3488a5f223a67e1e059761886f750db70ef9",
    "https://deno.land/x/mongo@v0.30.1/src/types/gridfs.ts": "e1fd12c3ca58d437267e7a8557d745d23b9d8916d1da34c1847e5e373728dfa0",
    "https://deno.land/x/mongo@v0.30.1/src/types/read_write_concern.ts": "d00f35eb85520e776741888685d08d479766a19e9a0a970b53f4594c9db00496",
    "https://deno.land/x/mongo@v0.30.1/src/utils/ns.ts": "fb0c57b8dc4d31f8993112d267dec3c163d3e8862198d1cd03b2b51bcc3caad9",
    "https://deno.land/x/mongo@v0.30.1/src/utils/saslprep/deps.ts": "95ceb81b353110526dacf2a98854bc79d6e17d7f173af8806e91c05555d7b8c7",
    "https://deno.land/x/mongo@v0.30.1/src/utils/saslprep/load_code_points.ts": "f6a4ef2eb2345eac40ffbf1a30661cca803f399865f2a0fadafb71f57d4c97bf",
    "https://deno.land/x/mongo@v0.30.1/src/utils/saslprep/memory_pager.ts": "f55a79a13ec569c21630c3915a9af0c6fc0aa2b899121fa2a85a813c6dd4afba",
    "https://deno.land/x/mongo@v0.30.1/src/utils/saslprep/mod.ts": "0a8a39a0784d065a79c54ce63d7d7b103d0b94addc5b7bcf985517ba2442c8a1",
    "https://deno.land/x/mongo@v0.30.1/src/utils/saslprep/sparse_bitfield.ts": "07d6fe2ecd4ba5f711c44c1ae409bb9c1fe3a3cfc09e27434d231d4aae46dd2d",
    "https://deno.land/x/mongo@v0.30.1/src/utils/srv.ts": "09c207069ea6fec02ddcd77c797171e556771dd940eb190a95cf4c7138e87baa",
    "https://deno.land/x/mongo@v0.30.1/src/utils/uri.ts": "dcfab8e1dcfcc875c75ada1d9f366664480c03b65594990d6342ed88925452e5",
    "https://deno.land/x/web_bson@v0.2.3/deps.ts": "d0b62cc7b488726b41576e2826ff5d387b58e395639f3c66bc732791ae777dcd",
    "https://deno.land/x/web_bson@v0.2.3/mod.ts": "a2b58ed2e1748e6faa56fbe6caf0e1937f4e77de15376cad920aea655b17bcf3",
    "https://deno.land/x/web_bson@v0.2.3/src/binary.ts": "2bd89fca666d06b12e4da7ae2aae2b87e495666e002011ceef4fd3e228ea3018",
    "https://deno.land/x/web_bson@v0.2.3/src/bson.ts": "608b1b8e1b9a2abcb2d3b601b63e2731608a2ee0941e801a08c1328a37ff0751",
    "https://deno.land/x/web_bson@v0.2.3/src/code.ts": "ad713ab49d2c9028fa798630ccdf345a9a2fbaa468c9bd0c3df3f411c3679bd1",
    "https://deno.land/x/web_bson@v0.2.3/src/constants.ts": "906fb45165e2df04332ffeb6a407b39d257b76ad64667ecfe4848bfc64934a5e",
    "https://deno.land/x/web_bson@v0.2.3/src/db_ref.ts": "2b29a4b74fde79d25322f31f8b98a908270468fa84af7ebd72c1e45b436b9fe2",
    "https://deno.land/x/web_bson@v0.2.3/src/decimal128.ts": "f0377c29b255ec423d4b491675dfb83410d5e92a9fcca9bcd63bfd757489b05d",
    "https://deno.land/x/web_bson@v0.2.3/src/double.ts": "9df7baf7cdb2d8ef50a141a373c755cabebeb5a5da6c2f551e5377064ccf2aa9",
    "https://deno.land/x/web_bson@v0.2.3/src/error.ts": "d7aa0d57de5c6dc137402fc97219b6e136fc2dcddef90f031bdeb52181cc5275",
    "https://deno.land/x/web_bson@v0.2.3/src/extended_json.ts": "98f57fba581712e49060ed5d495c3d1b8be557dc61b11588ba79882faad4b289",
    "https://deno.land/x/web_bson@v0.2.3/src/float_parser.ts": "bffe91eae89d9d177a88d795981681ecf05850facfb92da93901576a268235cd",
    "https://deno.land/x/web_bson@v0.2.3/src/int_32.ts": "8ac60fd82c34b62645f60b2eb45238391a3e0994980dced75b31f97058cbb3b4",
    "https://deno.land/x/web_bson@v0.2.3/src/long.ts": "efffd2eb49afd7161452f8f3533d46aad78c9af6b07f6474c8c937a1b53c5d19",
    "https://deno.land/x/web_bson@v0.2.3/src/max_key.ts": "8016a701657be73fd4d3b80c746084ba18322bb39bdc4e78e35f0e2f21be2a70",
    "https://deno.land/x/web_bson@v0.2.3/src/min_key.ts": "19691f520868996bd2fc96bf26037badf6d32f8702c035e0d8531b549ef9854c",
    "https://deno.land/x/web_bson@v0.2.3/src/objectid.ts": "afc51f3bf9d566fa474c96a8ec0362951ff962a4b8c7ecde51e4537fe95be089",
    "https://deno.land/x/web_bson@v0.2.3/src/parser/calculate_size.ts": "ca1e81c793860c9200a3c6cfec220539524f81acca0d76738426bbf8ef857950",
    "https://deno.land/x/web_bson@v0.2.3/src/parser/deserializer.ts": "40d154d44f80250dfef0121c1c1a997220a38d08c0fc369247f573ef83649802",
    "https://deno.land/x/web_bson@v0.2.3/src/parser/serializer.ts": "fdea917596143694eda0059b0f72fdbe72ade0591c6ba4b4e8f82958ab35c37d",
    "https://deno.land/x/web_bson@v0.2.3/src/parser/utils.ts": "7bfe19aaf71164d8326f82c1e01dabe6140c18939f4bd8961380495a7c76f57f",
    "https://deno.land/x/web_bson@v0.2.3/src/regexp.ts": "1e287a7ada20a0a4b625bf3c191295db149bfefac6beb707fe52d0232c612265",
    "https://deno.land/x/web_bson@v0.2.3/src/symbol.ts": "b727698ed367d426b32f068c067ccd43a458347589715dd329b82caf10b9cf32",
    "https://deno.land/x/web_bson@v0.2.3/src/timestamp.ts": "49bba69e2a26cfea5870b69c739cbfce64814b21682ed3161105737f3d97ef66",
    "https://deno.land/x/web_bson@v0.2.3/src/uuid.ts": "c8c51a946dc8c1d6a15370d50de2247f4fbf69ce1c413ae29c8e211738ec0efc",
    "https://deno.land/x/web_bson@v0.2.3/src/uuid_utils.ts": "322cbea409a32cfdbffcae854b91bb30b80730741e032b98f5d6868ad63bc07d",
    "https://deno.land/x/web_bson@v0.2.3/src/validate_utf8.ts": "b7f4d723c379fb66aa84e148bb59f78f4e1c96847e28c38ee7f9f3bf35703ae4",
    "https://deno.land/x/web_bson@v0.2.3/utils.ts": "4c51c0be4bbb77c1e547eeef9b5aa53ffa611f628684875375103f627649ceb1",
    "https://esm.sh/@grammyjs/types@2.10.0": "0e73c0a69f7319aca578c2261dc19260fff4c026be3755b09c0a60c583cbd361",
    "https://esm.sh/@grammyjs/types@2.10.2": "d8ebce99dd9bd2fa1bd7fddc490bd62245912fbd73baa5c99b691749a825d685",
    "https://esm.sh/@grammyjs/types@2.8.0": "1d5b36702e691303e9d57cd87cb55d438bcfc26512efbf44b743ef1b925928d5",
    "https://esm.sh/@grammyjs/types@2.9.1": "4b71c326a71f43b12abc716f141688f81d6de609800cc3da3b8b92a24237479f",
    "https://esm.sh/v98/@grammyjs/types@2.10.0/api.d.ts": "efc90a31eb6f59ae5e7a4cf5838f46529e2fa6fa7e97a51a82dbd28afad21592",
    "https://esm.sh/v98/@grammyjs/types@2.10.0/deno/types.js": "56f17a0d1225b8dd12f7b0610c56ea32847807a42910a28997a5129f19b3afab",
    "https://esm.sh/v98/@grammyjs/types@2.10.0/index.d.ts": "1c60004dec6270d9badd5ed195dbd6d4ddd00fa701acfeea922ed9f4861576a4",
    "https://esm.sh/v98/@grammyjs/types@2.10.0/inline.d.ts": "573b2790679c5c0910847a60064ae85c6f6007bfa139e3f611dd917f9c54399b",
    "https://esm.sh/v98/@grammyjs/types@2.10.0/manage.d.ts": "b676fb7be0583d2a9332b13eb928bffea0d106c8d24b9fd84809addc0830d8c0",
    "https://esm.sh/v98/@grammyjs/types@2.10.0/markup.d.ts": "a70b21cd9e7a6708c0f3697b067e0b97cec864a960883e0c3e9dd16c18ee0d5e",
    "https://esm.sh/v98/@grammyjs/types@2.10.0/menu-button.d.ts": "096e03dadaf3af415c48c14cb91380769df01dcccbb0931575bf5f15a5df5cd7",
    "https://esm.sh/v98/@grammyjs/types@2.10.0/message.d.ts": "72e7ea2b9424c966db0599e75852c230281c3453531100bf1b432921c1da227f",
    "https://esm.sh/v98/@grammyjs/types@2.10.0/passport.d.ts": "e3fb63aec96510bcc317ef48fd25b435444b8f407502d7568c00fce15f2958fd",
    "https://esm.sh/v98/@grammyjs/types@2.10.0/payment.d.ts": "410c384a26d24252219713adeb0c360d5d038102ab9d1a6e9aad20b603830d0c",
    "https://esm.sh/v98/@grammyjs/types@2.10.0/proxied.d.ts": "a4720570e16d86b6030d0e03ad1b7eb3fa492d9e24833fa322f09f3494874629",
    "https://esm.sh/v98/@grammyjs/types@2.10.0/update.d.ts": "caf8e01cc0857bde5a787243bc307d3e621f86242dd4058f5e20b156f61c083d",
    "https://esm.sh/v98/@grammyjs/types@2.10.2/api.d.ts": "efc90a31eb6f59ae5e7a4cf5838f46529e2fa6fa7e97a51a82dbd28afad21592",
    "https://esm.sh/v98/@grammyjs/types@2.10.2/deno/types.js": "1dd145fdb88ebd81801dbc8a98a76863950ade648acbe7184f26fc938fcbbc71",
    "https://esm.sh/v98/@grammyjs/types@2.10.2/index.d.ts": "1c60004dec6270d9badd5ed195dbd6d4ddd00fa701acfeea922ed9f4861576a4",
    "https://esm.sh/v98/@grammyjs/types@2.10.2/inline.d.ts": "573b2790679c5c0910847a60064ae85c6f6007bfa139e3f611dd917f9c54399b",
    "https://esm.sh/v98/@grammyjs/types@2.10.2/manage.d.ts": "a4fc390b9dc7b533147384abfb34bb25b3fd44ef0ee52bd82b10f0718b4578bc",
    "https://esm.sh/v98/@grammyjs/types@2.10.2/markup.d.ts": "a70b21cd9e7a6708c0f3697b067e0b97cec864a960883e0c3e9dd16c18ee0d5e",
    "https://esm.sh/v98/@grammyjs/types@2.10.2/menu-button.d.ts": "096e03dadaf3af415c48c14cb91380769df01dcccbb0931575bf5f15a5df5cd7",
    "https://esm.sh/v98/@grammyjs/types@2.10.2/message.d.ts": "72e7ea2b9424c966db0599e75852c230281c3453531100bf1b432921c1da227f",
    "https://esm.sh/v98/@grammyjs/types@2.10.2/passport.d.ts": "e3fb63aec96510bcc317ef48fd25b435444b8f407502d7568c00fce15f2958fd",
    "https://esm.sh/v98/@grammyjs/types@2.10.2/payment.d.ts": "410c384a26d24252219713adeb0c360d5d038102ab9d1a6e9aad20b603830d0c",
    "https://esm.sh/v98/@grammyjs/types@2.10.2/proxied.d.ts": "6fc564e4a077ad3acb2b58e1460b781f712d265295d3de5d03d0773b5f92f0c1",
    "https://esm.sh/v98/@grammyjs/types@2.10.2/update.d.ts": "caf8e01cc0857bde5a787243bc307d3e621f86242dd4058f5e20b156f61c083d",
    "https://esm.sh/v98/@grammyjs/types@2.8.0/api.d.ts": "efc90a31eb6f59ae5e7a4cf5838f46529e2fa6fa7e97a51a82dbd28afad21592",
    "https://esm.sh/v98/@grammyjs/types@2.8.0/deno/types.js": "5a79676a6a0813f4b8f4b37c6727602eb93698df39e47fb6a41032eebfc11f6a",
    "https://esm.sh/v98/@grammyjs/types@2.8.0/index.d.ts": "1c60004dec6270d9badd5ed195dbd6d4ddd00fa701acfeea922ed9f4861576a4",
    "https://esm.sh/v98/@grammyjs/types@2.8.0/inline.d.ts": "0b29e71303df03b54b158a83101954ab0e3e8b3749b8ddc7a583f38710d15e94",
    "https://esm.sh/v98/@grammyjs/types@2.8.0/manage.d.ts": "3b9750911fecd4c05c054630a2d7f959999eebb5a43867378f613a1ee3069f54",
    "https://esm.sh/v98/@grammyjs/types@2.8.0/markup.d.ts": "e764f075c7bf335eb46b7af597571fd71f1fa621e9c2ee2eddab6cb375037cb2",
    "https://esm.sh/v98/@grammyjs/types@2.8.0/menu-button.d.ts": "096e03dadaf3af415c48c14cb91380769df01dcccbb0931575bf5f15a5df5cd7",
    "https://esm.sh/v98/@grammyjs/types@2.8.0/message.d.ts": "a3eca151133439dce09961b376feada435ff666862a2824019bf5c552c1fd9b0",
    "https://esm.sh/v98/@grammyjs/types@2.8.0/passport.d.ts": "e3fb63aec96510bcc317ef48fd25b435444b8f407502d7568c00fce15f2958fd",
    "https://esm.sh/v98/@grammyjs/types@2.8.0/payment.d.ts": "410c384a26d24252219713adeb0c360d5d038102ab9d1a6e9aad20b603830d0c",
    "https://esm.sh/v98/@grammyjs/types@2.8.0/proxied.d.ts": "5bc6f3b1c4e236d833c1341642179f6616c2d65298ee9fa190459e7ed05c8de4",
    "https://esm.sh/v98/@grammyjs/types@2.8.0/update.d.ts": "caf8e01cc0857bde5a787243bc307d3e621f86242dd4058f5e20b156f61c083d",
    "https://esm.sh/v98/@grammyjs/types@2.9.1/api.d.ts": "efc90a31eb6f59ae5e7a4cf5838f46529e2fa6fa7e97a51a82dbd28afad21592",
    "https://esm.sh/v98/@grammyjs/types@2.9.1/deno/types.js": "b0209bb74836a8e8c5ed43a9ad6268d2da27e96ebe527f68470801e25637fbbe",
    "https://esm.sh/v98/@grammyjs/types@2.9.1/index.d.ts": "1c60004dec6270d9badd5ed195dbd6d4ddd00fa701acfeea922ed9f4861576a4",
    "https://esm.sh/v98/@grammyjs/types@2.9.1/inline.d.ts": "573b2790679c5c0910847a60064ae85c6f6007bfa139e3f611dd917f9c54399b",
    "https://esm.sh/v98/@grammyjs/types@2.9.1/manage.d.ts": "495fcc3a6268b61b2fffaa81f190e2a84ccc1135f98bc912335e6caea0771592",
    "https://esm.sh/v98/@grammyjs/types@2.9.1/markup.d.ts": "a70b21cd9e7a6708c0f3697b067e0b97cec864a960883e0c3e9dd16c18ee0d5e",
    "https://esm.sh/v98/@grammyjs/types@2.9.1/menu-button.d.ts": "096e03dadaf3af415c48c14cb91380769df01dcccbb0931575bf5f15a5df5cd7",
    "https://esm.sh/v98/@grammyjs/types@2.9.1/message.d.ts": "0976aa4c904750be0f2c7aa157f1749f821158f68f32bd17d8c5c158a1f7250d",
    "https://esm.sh/v98/@grammyjs/types@2.9.1/passport.d.ts": "e3fb63aec96510bcc317ef48fd25b435444b8f407502d7568c00fce15f2958fd",
    "https://esm.sh/v98/@grammyjs/types@2.9.1/payment.d.ts": "410c384a26d24252219713adeb0c360d5d038102ab9d1a6e9aad20b603830d0c",
    "https://esm.sh/v98/@grammyjs/types@2.9.1/proxied.d.ts": "6e3d830b3ed508d7682e72cb1cee5e941e698531894dbd69194666d7398feb45",
    "https://esm.sh/v98/@grammyjs/types@2.9.1/update.d.ts": "caf8e01cc0857bde5a787243bc307d3e621f86242dd4058f5e20b156f61c083d"
  }
}
